// !$*UTF8*$!
{
	archiveVersion = 1;
	classes = {
	};
	objectVersion = 55;
	objects = {

/* Begin PBXBuildFile section */
		0607470F287F990F008FEB25 /* 20220714.swift in Sources */ = {isa = PBXBuildFile; fileRef = 0607470E287F990F008FEB25 /* 20220714.swift */; };
		060747112880EB28008FEB25 /* 20220715.swift in Sources */ = {isa = PBXBuildFile; fileRef = 060747102880EB28008FEB25 /* 20220715.swift */; };
		060747132882F985008FEB25 /* 20220716.swift in Sources */ = {isa = PBXBuildFile; fileRef = 060747122882F985008FEB25 /* 20220716.swift */; };
		060747152883A9D8008FEB25 /* 20220718.swift in Sources */ = {isa = PBXBuildFile; fileRef = 060747142883A9D8008FEB25 /* 20220718.swift */; };
		060747172883C08A008FEB25 /* 20220719.swift in Sources */ = {isa = PBXBuildFile; fileRef = 060747162883C08A008FEB25 /* 20220719.swift */; };
		0607471928863CE9008FEB25 /* 20220720.swift in Sources */ = {isa = PBXBuildFile; fileRef = 0607471828863CE9008FEB25 /* 20220720.swift */; };
		0607471B288AEE09008FEB25 /* 20220722.swift in Sources */ = {isa = PBXBuildFile; fileRef = 0607471A288AEE09008FEB25 /* 20220722.swift */; };
		060F07D3288ED07900BE4457 /* 20220725.swift in Sources */ = {isa = PBXBuildFile; fileRef = 060F07D2288ED07900BE4457 /* 20220725.swift */; };
		060F07D5289022B600BE4457 /* 20220726.swift in Sources */ = {isa = PBXBuildFile; fileRef = 060F07D4289022B600BE4457 /* 20220726.swift */; };
		063B34A8286921280038534B /* 20220627.swift in Sources */ = {isa = PBXBuildFile; fileRef = 063B34A7286921280038534B /* 20220627.swift */; };
		063B34AA286A7B6B0038534B /* 20220628.swift in Sources */ = {isa = PBXBuildFile; fileRef = 063B34A9286A7B6B0038534B /* 20220628.swift */; };
		063B34AC286BEBE80038534B /* 20220629.swift in Sources */ = {isa = PBXBuildFile; fileRef = 063B34AB286BEBE80038534B /* 20220629.swift */; };
		064A7AD92856B7870044EDEE /* 20220613.swift in Sources */ = {isa = PBXBuildFile; fileRef = 064A7AD82856B7870044EDEE /* 20220613.swift */; };
		064A7ADB285959650044EDEE /* 20220614.swift in Sources */ = {isa = PBXBuildFile; fileRef = 064A7ADA285959650044EDEE /* 20220614.swift */; };
		064A7ADD285959710044EDEE /* 20220615.swift in Sources */ = {isa = PBXBuildFile; fileRef = 064A7ADC285959710044EDEE /* 20220615.swift */; };
		064A7ADF285AB9B90044EDEE /* 20220616.swift in Sources */ = {isa = PBXBuildFile; fileRef = 064A7ADE285AB9B90044EDEE /* 20220616.swift */; };
		065A4111286D2E8C004E85F9 /* 20220630.swift in Sources */ = {isa = PBXBuildFile; fileRef = 065A4110286D2E8C004E85F9 /* 20220630.swift */; };
		065A4114286E8364004E85F9 /* 20220701.swift in Sources */ = {isa = PBXBuildFile; fileRef = 065A4113286E8364004E85F9 /* 20220701.swift */; };
		065A4116287029FE004E85F9 /* 20220702.swift in Sources */ = {isa = PBXBuildFile; fileRef = 065A4115287029FE004E85F9 /* 20220702.swift */; };
		065A4118287263E5004E85F9 /* 20220704.swift in Sources */ = {isa = PBXBuildFile; fileRef = 065A4117287263E5004E85F9 /* 20220704.swift */; };
		065A411A287411E4004E85F9 /* 20220705.swift in Sources */ = {isa = PBXBuildFile; fileRef = 065A4119287411E4004E85F9 /* 20220705.swift */; };
		065A411C28751968004E85F9 /* 20220706.swift in Sources */ = {isa = PBXBuildFile; fileRef = 065A411B28751968004E85F9 /* 20220706.swift */; };
		065A411E2876BF77004E85F9 /* 20220707.swift in Sources */ = {isa = PBXBuildFile; fileRef = 065A411D2876BF77004E85F9 /* 20220707.swift */; };
		065A41202877A309004E85F9 /* 20220708.swift in Sources */ = {isa = PBXBuildFile; fileRef = 065A411F2877A309004E85F9 /* 20220708.swift */; };
		065A4124287A6F0F004E85F9 /* 20220709.swift in Sources */ = {isa = PBXBuildFile; fileRef = 065A4123287A6F0E004E85F9 /* 20220709.swift */; };
		065A4126287B98F6004E85F9 /* 20220711.swift in Sources */ = {isa = PBXBuildFile; fileRef = 065A4125287B98F6004E85F9 /* 20220711.swift */; };
		065A4128287CF3B2004E85F9 /* 20220712.swift in Sources */ = {isa = PBXBuildFile; fileRef = 065A4127287CF3B2004E85F9 /* 20220712.swift */; };
		066FC4502836419B0046DA95 /* 20220519.swift in Sources */ = {isa = PBXBuildFile; fileRef = 066FC44F2836419B0046DA95 /* 20220519.swift */; };
		0685CF5E284C6523002F770D /* 20220605.swift in Sources */ = {isa = PBXBuildFile; fileRef = 0685CF5D284C6523002F770D /* 20220605.swift */; };
		0685CF60284DD543002F770D /* 20220606.swift in Sources */ = {isa = PBXBuildFile; fileRef = 0685CF5F284DD543002F770D /* 20220606.swift */; };
		0685CF62284EE20F002F770D /* 20220607.swift in Sources */ = {isa = PBXBuildFile; fileRef = 0685CF61284EE20F002F770D /* 20220607.swift */; };
		0685CF642850178C002F770D /* 20220608.swift in Sources */ = {isa = PBXBuildFile; fileRef = 0685CF632850178C002F770D /* 20220608.swift */; };
		0685CF66285182AA002F770D /* 20220609.swift in Sources */ = {isa = PBXBuildFile; fileRef = 0685CF65285182AA002F770D /* 20220609.swift */; };
		0685CF682852C2F1002F770D /* 20220610.swift in Sources */ = {isa = PBXBuildFile; fileRef = 0685CF672852C2F0002F770D /* 20220610.swift */; };
		0685CF6A28546B5F002F770D /* 20220611.swift in Sources */ = {isa = PBXBuildFile; fileRef = 0685CF6928546B5F002F770D /* 20220611.swift */; };
		0685CF6D28559BC6002F770D /* 20220612.swift in Sources */ = {isa = PBXBuildFile; fileRef = 0685CF6C28559BC6002F770D /* 20220612.swift */; };
		06A32A9C283DA85A0044ED0C /* 20220525.swift in Sources */ = {isa = PBXBuildFile; fileRef = 06A32A9B283DA85A0044ED0C /* 20220525.swift */; };
		06A32A9E283EFE390044ED0C /* 20220526.swift in Sources */ = {isa = PBXBuildFile; fileRef = 06A32A9D283EFE390044ED0C /* 20220526.swift */; };
		06A32AA02841A3F10044ED0C /* 20220527.swift in Sources */ = {isa = PBXBuildFile; fileRef = 06A32A9F2841A3F10044ED0C /* 20220527.swift */; };
		06A32AA228426A140044ED0C /* 20220528.swift in Sources */ = {isa = PBXBuildFile; fileRef = 06A32AA128426A140044ED0C /* 20220528.swift */; };
		06A32AA4284271AC0044ED0C /* 20220529.swift in Sources */ = {isa = PBXBuildFile; fileRef = 06A32AA3284271AC0044ED0C /* 20220529.swift */; };
		06A32AA628443BC20044ED0C /* 20220530.swift in Sources */ = {isa = PBXBuildFile; fileRef = 06A32AA528443BC20044ED0C /* 20220530.swift */; };
		06A32AA8284589110044ED0C /* 20220531.swift in Sources */ = {isa = PBXBuildFile; fileRef = 06A32AA7284589110044ED0C /* 20220531.swift */; };
		06A32AAA28479B010044ED0C /* 20220601.swift in Sources */ = {isa = PBXBuildFile; fileRef = 06A32AA928479B010044ED0C /* 20220601.swift */; };
		06A32AAC28482E9D0044ED0C /* 20220602.swift in Sources */ = {isa = PBXBuildFile; fileRef = 06A32AAB28482E9C0044ED0C /* 20220602.swift */; };
		06A32AAE28497CAE0044ED0C /* 20220603.swift in Sources */ = {isa = PBXBuildFile; fileRef = 06A32AAD28497CAE0044ED0C /* 20220603.swift */; };
		06CEF22B285BF71800A620CC /* 20220617.swift in Sources */ = {isa = PBXBuildFile; fileRef = 06CEF22A285BF71800A620CC /* 20220617.swift */; };
		06CEF22D285D9EE800A620CC /* 20220618.swift in Sources */ = {isa = PBXBuildFile; fileRef = 06CEF22C285D9EE800A620CC /* 20220618.swift */; };
		06CEF22F28600FC700A620CC /* 20220620.swift in Sources */ = {isa = PBXBuildFile; fileRef = 06CEF22E28600FC700A620CC /* 20220620.swift */; };
		06CEF231286164D200A620CC /* 20220621.swift in Sources */ = {isa = PBXBuildFile; fileRef = 06CEF230286164D200A620CC /* 20220621.swift */; };
		06CEF2332862A21600A620CC /* 20220622.swift in Sources */ = {isa = PBXBuildFile; fileRef = 06CEF2322862A21600A620CC /* 20220622.swift */; };
		06CEF2352863E11600A620CC /* 20220623.swift in Sources */ = {isa = PBXBuildFile; fileRef = 06CEF2342863E11600A620CC /* 20220623.swift */; };
		06CEF23728653B1900A620CC /* 20220624.swift in Sources */ = {isa = PBXBuildFile; fileRef = 06CEF23628653B1900A620CC /* 20220624.swift */; };
		06CEF2392866DCF400A620CC /* 20220625.swift in Sources */ = {isa = PBXBuildFile; fileRef = 06CEF2382866DCF400A620CC /* 20220625.swift */; };
		06D0ABFC281F564600189EFC /* main.swift in Sources */ = {isa = PBXBuildFile; fileRef = 06D0ABFB281F564600189EFC /* main.swift */; };
		06D0AC042820978200189EFC /* 20220502.swift in Sources */ = {isa = PBXBuildFile; fileRef = 06D0AC032820978200189EFC /* 20220502.swift */; };
		06D0AC062820EA4500189EFC /* 20220503.swift in Sources */ = {isa = PBXBuildFile; fileRef = 06D0AC052820EA4500189EFC /* 20220503.swift */; };
		06D0AC082821F6E900189EFC /* 20220504.swift in Sources */ = {isa = PBXBuildFile; fileRef = 06D0AC072821F6E900189EFC /* 20220504.swift */; };
		06D0AC0A2826AB7E00189EFC /* 20220507.swift in Sources */ = {isa = PBXBuildFile; fileRef = 06D0AC092826AB7E00189EFC /* 20220507.swift */; };
		06D0AC0C2826C50C00189EFC /* 20220508.swift in Sources */ = {isa = PBXBuildFile; fileRef = 06D0AC0B2826C50C00189EFC /* 20220508.swift */; };
		06D0AC12282FECC300189EFC /* 20220514.swift in Sources */ = {isa = PBXBuildFile; fileRef = 06D0AC11282FECC300189EFC /* 20220514.swift */; };
		06E45F1D287E425100F7D05A /* 20220713.swift in Sources */ = {isa = PBXBuildFile; fileRef = 06E45F1C287E425100F7D05A /* 20220713.swift */; };
		5A063C96282495470045EC3F /* 20220506.swift in Sources */ = {isa = PBXBuildFile; fileRef = 5A063C95282495470045EC3F /* 20220506.swift */; };
		5A2CFC04282DCE3D0086EA17 /* 20220513.swift in Sources */ = {isa = PBXBuildFile; fileRef = 5A2CFC03282DCE3D0086EA17 /* 20220513.swift */; };
		5AAD6EEA282C91320000AF05 /* 20220512.swift in Sources */ = {isa = PBXBuildFile; fileRef = 5AAD6EE9282C91320000AF05 /* 20220512.swift */; };
		5AB24273283C4D1200DDB88A /* 20220524.swift in Sources */ = {isa = PBXBuildFile; fileRef = 5AB24272283C4D1200DDB88A /* 20220524.swift */; };
		5AB4099B282B2DBA00926816 /* 20220511.swift in Sources */ = {isa = PBXBuildFile; fileRef = 5AB4099A282B2DBA00926816 /* 20220511.swift */; };
		5AB647DE28370C340086DB14 /* 20220520.swift in Sources */ = {isa = PBXBuildFile; fileRef = 5AB647DD28370C340086DB14 /* 20220520.swift */; };
		5AB697CA28288F76003268C6 /* 20220509.swift in Sources */ = {isa = PBXBuildFile; fileRef = 5AB697C928288F76003268C6 /* 20220509.swift */; };
		5AB6D562283476BC001C9043 /* 20220518.swift in Sources */ = {isa = PBXBuildFile; fileRef = 5AB6D561283476BC001C9043 /* 20220518.swift */; };
		5AB86F9B28331F890053E5D0 /* 20220517.swift in Sources */ = {isa = PBXBuildFile; fileRef = 5AB86F9A28331F890053E5D0 /* 20220517.swift */; };
		5AB86F9D28331FB90053E5D0 /* 20220516.swift in Sources */ = {isa = PBXBuildFile; fileRef = 5AB86F9C28331FB90053E5D0 /* 20220516.swift */; };
		5AB988052831C4800052DBB8 /* 20220515.swift in Sources */ = {isa = PBXBuildFile; fileRef = 5AB988042831C4800052DBB8 /* 20220515.swift */; };
		5AB9AE15283AFC63001FE338 /* 20220523.swift in Sources */ = {isa = PBXBuildFile; fileRef = 5AB9AE14283AFC63001FE338 /* 20220523.swift */; };
		5ABD62E32829E9E70021BF3E /* 20220510.swift in Sources */ = {isa = PBXBuildFile; fileRef = 5ABD62E22829E9E70021BF3E /* 20220510.swift */; };
/* End PBXBuildFile section */

/* Begin PBXCopyFilesBuildPhase section */
		06D0ABF6281F564600189EFC /* CopyFiles */ = {
			isa = PBXCopyFilesBuildPhase;
			buildActionMask = 2147483647;
			dstPath = /usr/share/man/man1/;
			dstSubfolderSpec = 0;
			files = (
			);
			runOnlyForDeploymentPostprocessing = 1;
		};
/* End PBXCopyFilesBuildPhase section */

/* Begin PBXFileReference section */
		0607470E287F990F008FEB25 /* 20220714.swift */ = {isa = PBXFileReference; lastKnownFileType = sourcecode.swift; path = 20220714.swift; sourceTree = "<group>"; };
		060747102880EB28008FEB25 /* 20220715.swift */ = {isa = PBXFileReference; lastKnownFileType = sourcecode.swift; path = 20220715.swift; sourceTree = "<group>"; };
		060747122882F985008FEB25 /* 20220716.swift */ = {isa = PBXFileReference; lastKnownFileType = sourcecode.swift; path = 20220716.swift; sourceTree = "<group>"; };
		060747142883A9D8008FEB25 /* 20220718.swift */ = {isa = PBXFileReference; lastKnownFileType = sourcecode.swift; path = 20220718.swift; sourceTree = "<group>"; };
		060747162883C08A008FEB25 /* 20220719.swift */ = {isa = PBXFileReference; lastKnownFileType = sourcecode.swift; path = 20220719.swift; sourceTree = "<group>"; };
		0607471828863CE9008FEB25 /* 20220720.swift */ = {isa = PBXFileReference; lastKnownFileType = sourcecode.swift; path = 20220720.swift; sourceTree = "<group>"; };
		0607471A288AEE09008FEB25 /* 20220722.swift */ = {isa = PBXFileReference; lastKnownFileType = sourcecode.swift; path = 20220722.swift; sourceTree = "<group>"; };
		060F07D2288ED07900BE4457 /* 20220725.swift */ = {isa = PBXFileReference; lastKnownFileType = sourcecode.swift; path = 20220725.swift; sourceTree = "<group>"; };
		060F07D4289022B600BE4457 /* 20220726.swift */ = {isa = PBXFileReference; lastKnownFileType = sourcecode.swift; path = 20220726.swift; sourceTree = "<group>"; };
		063B34A7286921280038534B /* 20220627.swift */ = {isa = PBXFileReference; lastKnownFileType = sourcecode.swift; path = 20220627.swift; sourceTree = "<group>"; };
		063B34A9286A7B6B0038534B /* 20220628.swift */ = {isa = PBXFileReference; lastKnownFileType = sourcecode.swift; path = 20220628.swift; sourceTree = "<group>"; };
		063B34AB286BEBE80038534B /* 20220629.swift */ = {isa = PBXFileReference; lastKnownFileType = sourcecode.swift; path = 20220629.swift; sourceTree = "<group>"; };
		064A7AD82856B7870044EDEE /* 20220613.swift */ = {isa = PBXFileReference; lastKnownFileType = sourcecode.swift; path = 20220613.swift; sourceTree = "<group>"; };
		064A7ADA285959650044EDEE /* 20220614.swift */ = {isa = PBXFileReference; lastKnownFileType = sourcecode.swift; path = 20220614.swift; sourceTree = "<group>"; };
		064A7ADC285959710044EDEE /* 20220615.swift */ = {isa = PBXFileReference; lastKnownFileType = sourcecode.swift; path = 20220615.swift; sourceTree = "<group>"; };
		064A7ADE285AB9B90044EDEE /* 20220616.swift */ = {isa = PBXFileReference; lastKnownFileType = sourcecode.swift; path = 20220616.swift; sourceTree = "<group>"; };
		065A4110286D2E8C004E85F9 /* 20220630.swift */ = {isa = PBXFileReference; lastKnownFileType = sourcecode.swift; path = 20220630.swift; sourceTree = "<group>"; };
		065A4113286E8364004E85F9 /* 20220701.swift */ = {isa = PBXFileReference; lastKnownFileType = sourcecode.swift; path = 20220701.swift; sourceTree = "<group>"; };
		065A4115287029FE004E85F9 /* 20220702.swift */ = {isa = PBXFileReference; lastKnownFileType = sourcecode.swift; path = 20220702.swift; sourceTree = "<group>"; };
		065A4117287263E5004E85F9 /* 20220704.swift */ = {isa = PBXFileReference; lastKnownFileType = sourcecode.swift; path = 20220704.swift; sourceTree = "<group>"; };
		065A4119287411E4004E85F9 /* 20220705.swift */ = {isa = PBXFileReference; lastKnownFileType = sourcecode.swift; path = 20220705.swift; sourceTree = "<group>"; };
		065A411B28751968004E85F9 /* 20220706.swift */ = {isa = PBXFileReference; lastKnownFileType = sourcecode.swift; path = 20220706.swift; sourceTree = "<group>"; };
		065A411D2876BF77004E85F9 /* 20220707.swift */ = {isa = PBXFileReference; lastKnownFileType = sourcecode.swift; path = 20220707.swift; sourceTree = "<group>"; };
		065A411F2877A309004E85F9 /* 20220708.swift */ = {isa = PBXFileReference; lastKnownFileType = sourcecode.swift; path = 20220708.swift; sourceTree = "<group>"; };
		065A4123287A6F0E004E85F9 /* 20220709.swift */ = {isa = PBXFileReference; lastKnownFileType = sourcecode.swift; path = 20220709.swift; sourceTree = "<group>"; };
		065A4125287B98F6004E85F9 /* 20220711.swift */ = {isa = PBXFileReference; lastKnownFileType = sourcecode.swift; path = 20220711.swift; sourceTree = "<group>"; };
		065A4127287CF3B2004E85F9 /* 20220712.swift */ = {isa = PBXFileReference; lastKnownFileType = sourcecode.swift; path = 20220712.swift; sourceTree = "<group>"; };
		066FC44F2836419B0046DA95 /* 20220519.swift */ = {isa = PBXFileReference; lastKnownFileType = sourcecode.swift; path = 20220519.swift; sourceTree = "<group>"; };
		0685CF5D284C6523002F770D /* 20220605.swift */ = {isa = PBXFileReference; lastKnownFileType = sourcecode.swift; path = 20220605.swift; sourceTree = "<group>"; };
		0685CF5F284DD543002F770D /* 20220606.swift */ = {isa = PBXFileReference; lastKnownFileType = sourcecode.swift; path = 20220606.swift; sourceTree = "<group>"; };
		0685CF61284EE20F002F770D /* 20220607.swift */ = {isa = PBXFileReference; lastKnownFileType = sourcecode.swift; path = 20220607.swift; sourceTree = "<group>"; };
		0685CF632850178C002F770D /* 20220608.swift */ = {isa = PBXFileReference; lastKnownFileType = sourcecode.swift; path = 20220608.swift; sourceTree = "<group>"; };
		0685CF65285182AA002F770D /* 20220609.swift */ = {isa = PBXFileReference; lastKnownFileType = sourcecode.swift; path = 20220609.swift; sourceTree = "<group>"; };
		0685CF672852C2F0002F770D /* 20220610.swift */ = {isa = PBXFileReference; lastKnownFileType = sourcecode.swift; path = 20220610.swift; sourceTree = "<group>"; };
		0685CF6928546B5F002F770D /* 20220611.swift */ = {isa = PBXFileReference; lastKnownFileType = sourcecode.swift; path = 20220611.swift; sourceTree = "<group>"; };
		0685CF6B28558885002F770D /* README.md */ = {isa = PBXFileReference; lastKnownFileType = net.daringfireball.markdown; path = README.md; sourceTree = "<group>"; };
		0685CF6C28559BC6002F770D /* 20220612.swift */ = {isa = PBXFileReference; lastKnownFileType = sourcecode.swift; path = 20220612.swift; sourceTree = "<group>"; };
		06A32A9B283DA85A0044ED0C /* 20220525.swift */ = {isa = PBXFileReference; lastKnownFileType = sourcecode.swift; path = 20220525.swift; sourceTree = "<group>"; };
		06A32A9D283EFE390044ED0C /* 20220526.swift */ = {isa = PBXFileReference; lastKnownFileType = sourcecode.swift; path = 20220526.swift; sourceTree = "<group>"; };
		06A32A9F2841A3F10044ED0C /* 20220527.swift */ = {isa = PBXFileReference; lastKnownFileType = sourcecode.swift; path = 20220527.swift; sourceTree = "<group>"; };
		06A32AA128426A140044ED0C /* 20220528.swift */ = {isa = PBXFileReference; lastKnownFileType = sourcecode.swift; path = 20220528.swift; sourceTree = "<group>"; };
		06A32AA3284271AC0044ED0C /* 20220529.swift */ = {isa = PBXFileReference; lastKnownFileType = sourcecode.swift; path = 20220529.swift; sourceTree = "<group>"; };
		06A32AA528443BC20044ED0C /* 20220530.swift */ = {isa = PBXFileReference; lastKnownFileType = sourcecode.swift; path = 20220530.swift; sourceTree = "<group>"; };
		06A32AA7284589110044ED0C /* 20220531.swift */ = {isa = PBXFileReference; lastKnownFileType = sourcecode.swift; path = 20220531.swift; sourceTree = "<group>"; };
		06A32AA928479B010044ED0C /* 20220601.swift */ = {isa = PBXFileReference; lastKnownFileType = sourcecode.swift; path = 20220601.swift; sourceTree = "<group>"; };
		06A32AAB28482E9C0044ED0C /* 20220602.swift */ = {isa = PBXFileReference; lastKnownFileType = sourcecode.swift; path = 20220602.swift; sourceTree = "<group>"; };
		06A32AAD28497CAE0044ED0C /* 20220603.swift */ = {isa = PBXFileReference; lastKnownFileType = sourcecode.swift; path = 20220603.swift; sourceTree = "<group>"; };
		06CEF22A285BF71800A620CC /* 20220617.swift */ = {isa = PBXFileReference; lastKnownFileType = sourcecode.swift; path = 20220617.swift; sourceTree = "<group>"; };
		06CEF22C285D9EE800A620CC /* 20220618.swift */ = {isa = PBXFileReference; lastKnownFileType = sourcecode.swift; path = 20220618.swift; sourceTree = "<group>"; };
		06CEF22E28600FC700A620CC /* 20220620.swift */ = {isa = PBXFileReference; lastKnownFileType = sourcecode.swift; path = 20220620.swift; sourceTree = "<group>"; };
		06CEF230286164D200A620CC /* 20220621.swift */ = {isa = PBXFileReference; lastKnownFileType = sourcecode.swift; path = 20220621.swift; sourceTree = "<group>"; };
		06CEF2322862A21600A620CC /* 20220622.swift */ = {isa = PBXFileReference; lastKnownFileType = sourcecode.swift; path = 20220622.swift; sourceTree = "<group>"; };
		06CEF2342863E11600A620CC /* 20220623.swift */ = {isa = PBXFileReference; lastKnownFileType = sourcecode.swift; path = 20220623.swift; sourceTree = "<group>"; };
		06CEF23628653B1900A620CC /* 20220624.swift */ = {isa = PBXFileReference; lastKnownFileType = sourcecode.swift; path = 20220624.swift; sourceTree = "<group>"; };
		06CEF2382866DCF400A620CC /* 20220625.swift */ = {isa = PBXFileReference; lastKnownFileType = sourcecode.swift; path = 20220625.swift; sourceTree = "<group>"; };
		06D0ABF8281F564600189EFC /* algorithm_study */ = {isa = PBXFileReference; explicitFileType = "compiled.mach-o.executable"; includeInIndex = 0; path = algorithm_study; sourceTree = BUILT_PRODUCTS_DIR; };
		06D0ABFB281F564600189EFC /* main.swift */ = {isa = PBXFileReference; lastKnownFileType = sourcecode.swift; path = main.swift; sourceTree = "<group>"; };
		06D0AC032820978200189EFC /* 20220502.swift */ = {isa = PBXFileReference; lastKnownFileType = sourcecode.swift; path = 20220502.swift; sourceTree = "<group>"; };
		06D0AC052820EA4500189EFC /* 20220503.swift */ = {isa = PBXFileReference; lastKnownFileType = sourcecode.swift; path = 20220503.swift; sourceTree = "<group>"; };
		06D0AC072821F6E900189EFC /* 20220504.swift */ = {isa = PBXFileReference; lastKnownFileType = sourcecode.swift; path = 20220504.swift; sourceTree = "<group>"; };
		06D0AC092826AB7E00189EFC /* 20220507.swift */ = {isa = PBXFileReference; lastKnownFileType = sourcecode.swift; path = 20220507.swift; sourceTree = "<group>"; };
		06D0AC0B2826C50C00189EFC /* 20220508.swift */ = {isa = PBXFileReference; lastKnownFileType = sourcecode.swift; path = 20220508.swift; sourceTree = "<group>"; };
		06D0AC11282FECC300189EFC /* 20220514.swift */ = {isa = PBXFileReference; lastKnownFileType = sourcecode.swift; path = 20220514.swift; sourceTree = "<group>"; };
		06E45F1C287E425100F7D05A /* 20220713.swift */ = {isa = PBXFileReference; lastKnownFileType = sourcecode.swift; path = 20220713.swift; sourceTree = "<group>"; };
		5A063C95282495470045EC3F /* 20220506.swift */ = {isa = PBXFileReference; lastKnownFileType = sourcecode.swift; path = 20220506.swift; sourceTree = "<group>"; };
		5A2CFC03282DCE3D0086EA17 /* 20220513.swift */ = {isa = PBXFileReference; lastKnownFileType = sourcecode.swift; path = 20220513.swift; sourceTree = "<group>"; };
		5AAD6EE9282C91320000AF05 /* 20220512.swift */ = {isa = PBXFileReference; lastKnownFileType = sourcecode.swift; path = 20220512.swift; sourceTree = "<group>"; };
		5AB24272283C4D1200DDB88A /* 20220524.swift */ = {isa = PBXFileReference; lastKnownFileType = sourcecode.swift; path = 20220524.swift; sourceTree = "<group>"; };
		5AB4099A282B2DBA00926816 /* 20220511.swift */ = {isa = PBXFileReference; lastKnownFileType = sourcecode.swift; path = 20220511.swift; sourceTree = "<group>"; };
		5AB647DD28370C340086DB14 /* 20220520.swift */ = {isa = PBXFileReference; lastKnownFileType = sourcecode.swift; path = 20220520.swift; sourceTree = "<group>"; };
		5AB697C928288F76003268C6 /* 20220509.swift */ = {isa = PBXFileReference; lastKnownFileType = sourcecode.swift; path = 20220509.swift; sourceTree = "<group>"; };
		5AB6D561283476BC001C9043 /* 20220518.swift */ = {isa = PBXFileReference; lastKnownFileType = sourcecode.swift; path = 20220518.swift; sourceTree = "<group>"; };
		5AB86F9A28331F890053E5D0 /* 20220517.swift */ = {isa = PBXFileReference; lastKnownFileType = sourcecode.swift; path = 20220517.swift; sourceTree = "<group>"; };
		5AB86F9C28331FB90053E5D0 /* 20220516.swift */ = {isa = PBXFileReference; lastKnownFileType = sourcecode.swift; path = 20220516.swift; sourceTree = "<group>"; };
		5AB988042831C4800052DBB8 /* 20220515.swift */ = {isa = PBXFileReference; lastKnownFileType = sourcecode.swift; path = 20220515.swift; sourceTree = "<group>"; };
		5AB9AE14283AFC63001FE338 /* 20220523.swift */ = {isa = PBXFileReference; lastKnownFileType = sourcecode.swift; path = 20220523.swift; sourceTree = "<group>"; };
		5ABD62E22829E9E70021BF3E /* 20220510.swift */ = {isa = PBXFileReference; lastKnownFileType = sourcecode.swift; path = 20220510.swift; sourceTree = "<group>"; };
/* End PBXFileReference section */

/* Begin PBXFrameworksBuildPhase section */
		06D0ABF5281F564600189EFC /* Frameworks */ = {
			isa = PBXFrameworksBuildPhase;
			buildActionMask = 2147483647;
			files = (
			);
			runOnlyForDeploymentPostprocessing = 0;
		};
/* End PBXFrameworksBuildPhase section */

/* Begin PBXGroup section */
		065A4112286E833F004E85F9 /* 202206 */ = {
			isa = PBXGroup;
			children = (
				06A32AA928479B010044ED0C /* 20220601.swift */,
				06A32AAB28482E9C0044ED0C /* 20220602.swift */,
				06A32AAD28497CAE0044ED0C /* 20220603.swift */,
				0685CF5D284C6523002F770D /* 20220605.swift */,
				0685CF5F284DD543002F770D /* 20220606.swift */,
				0685CF61284EE20F002F770D /* 20220607.swift */,
				0685CF632850178C002F770D /* 20220608.swift */,
				0685CF65285182AA002F770D /* 20220609.swift */,
				0685CF672852C2F0002F770D /* 20220610.swift */,
				0685CF6928546B5F002F770D /* 20220611.swift */,
				0685CF6C28559BC6002F770D /* 20220612.swift */,
				064A7AD82856B7870044EDEE /* 20220613.swift */,
				064A7ADA285959650044EDEE /* 20220614.swift */,
				064A7ADC285959710044EDEE /* 20220615.swift */,
				064A7ADE285AB9B90044EDEE /* 20220616.swift */,
				06CEF22A285BF71800A620CC /* 20220617.swift */,
				06CEF22C285D9EE800A620CC /* 20220618.swift */,
				06CEF22E28600FC700A620CC /* 20220620.swift */,
				06CEF230286164D200A620CC /* 20220621.swift */,
				06CEF2322862A21600A620CC /* 20220622.swift */,
				06CEF2342863E11600A620CC /* 20220623.swift */,
				06CEF23628653B1900A620CC /* 20220624.swift */,
				06CEF2382866DCF400A620CC /* 20220625.swift */,
				063B34A7286921280038534B /* 20220627.swift */,
				063B34A9286A7B6B0038534B /* 20220628.swift */,
				063B34AB286BEBE80038534B /* 20220629.swift */,
				065A4110286D2E8C004E85F9 /* 20220630.swift */,
			);
			path = 202206;
			sourceTree = "<group>";
		};
		0685CF6E2856B741002F770D /* 202205 */ = {
			isa = PBXGroup;
			children = (
				06D0AC032820978200189EFC /* 20220502.swift */,
				06D0AC052820EA4500189EFC /* 20220503.swift */,
				06D0AC072821F6E900189EFC /* 20220504.swift */,
				5A063C95282495470045EC3F /* 20220506.swift */,
				06D0AC092826AB7E00189EFC /* 20220507.swift */,
				06D0AC0B2826C50C00189EFC /* 20220508.swift */,
				5AB697C928288F76003268C6 /* 20220509.swift */,
				5ABD62E22829E9E70021BF3E /* 20220510.swift */,
				5AB4099A282B2DBA00926816 /* 20220511.swift */,
				5AAD6EE9282C91320000AF05 /* 20220512.swift */,
				5A2CFC03282DCE3D0086EA17 /* 20220513.swift */,
				06D0AC11282FECC300189EFC /* 20220514.swift */,
				5AB988042831C4800052DBB8 /* 20220515.swift */,
				5AB86F9C28331FB90053E5D0 /* 20220516.swift */,
				5AB86F9A28331F890053E5D0 /* 20220517.swift */,
				5AB6D561283476BC001C9043 /* 20220518.swift */,
				066FC44F2836419B0046DA95 /* 20220519.swift */,
				5AB647DD28370C340086DB14 /* 20220520.swift */,
				5AB9AE14283AFC63001FE338 /* 20220523.swift */,
				5AB24272283C4D1200DDB88A /* 20220524.swift */,
				06A32A9B283DA85A0044ED0C /* 20220525.swift */,
				06A32A9D283EFE390044ED0C /* 20220526.swift */,
				06A32A9F2841A3F10044ED0C /* 20220527.swift */,
				06A32AA128426A140044ED0C /* 20220528.swift */,
				06A32AA3284271AC0044ED0C /* 20220529.swift */,
				06A32AA528443BC20044ED0C /* 20220530.swift */,
				06A32AA7284589110044ED0C /* 20220531.swift */,
			);
			path = 202205;
			sourceTree = "<group>";
		};
		06D0ABEF281F564600189EFC = {
			isa = PBXGroup;
			children = (
				0685CF6B28558885002F770D /* README.md */,
				06D0ABFA281F564600189EFC /* algorithm_study */,
				06D0ABF9281F564600189EFC /* Products */,
			);
			sourceTree = "<group>";
		};
		06D0ABF9281F564600189EFC /* Products */ = {
			isa = PBXGroup;
			children = (
				06D0ABF8281F564600189EFC /* algorithm_study */,
			);
			name = Products;
			sourceTree = "<group>";
		};
		06D0ABFA281F564600189EFC /* algorithm_study */ = {
			isa = PBXGroup;
			children = (
				06D0ABFB281F564600189EFC /* main.swift */,
				06D0AC022820975300189EFC /* Problem solving */,
			);
			path = algorithm_study;
			sourceTree = "<group>";
		};
		06D0AC022820975300189EFC /* Problem solving */ = {
			isa = PBXGroup;
			children = (
				0685CF6E2856B741002F770D /* 202205 */,
				065A4112286E833F004E85F9 /* 202206 */,
				065A4113286E8364004E85F9 /* 20220701.swift */,
				065A4115287029FE004E85F9 /* 20220702.swift */,
				065A4117287263E5004E85F9 /* 20220704.swift */,
				065A4119287411E4004E85F9 /* 20220705.swift */,
				065A411B28751968004E85F9 /* 20220706.swift */,
				065A411D2876BF77004E85F9 /* 20220707.swift */,
				065A411F2877A309004E85F9 /* 20220708.swift */,
				065A4123287A6F0E004E85F9 /* 20220709.swift */,
				065A4125287B98F6004E85F9 /* 20220711.swift */,
				065A4127287CF3B2004E85F9 /* 20220712.swift */,
				06E45F1C287E425100F7D05A /* 20220713.swift */,
				0607470E287F990F008FEB25 /* 20220714.swift */,
				060747102880EB28008FEB25 /* 20220715.swift */,
				060747122882F985008FEB25 /* 20220716.swift */,
				060747142883A9D8008FEB25 /* 20220718.swift */,
				060747162883C08A008FEB25 /* 20220719.swift */,
				0607471828863CE9008FEB25 /* 20220720.swift */,
				0607471A288AEE09008FEB25 /* 20220722.swift */,
				060F07D2288ED07900BE4457 /* 20220725.swift */,
				060F07D4289022B600BE4457 /* 20220726.swift */,
			);
			path = "Problem solving";
			sourceTree = "<group>";
		};
/* End PBXGroup section */

/* Begin PBXNativeTarget section */
		06D0ABF7281F564600189EFC /* algorithm_study */ = {
			isa = PBXNativeTarget;
			buildConfigurationList = 06D0ABFF281F564600189EFC /* Build configuration list for PBXNativeTarget "algorithm_study" */;
			buildPhases = (
				06D0ABF4281F564600189EFC /* Sources */,
				06D0ABF5281F564600189EFC /* Frameworks */,
				06D0ABF6281F564600189EFC /* CopyFiles */,
			);
			buildRules = (
			);
			dependencies = (
			);
			name = algorithm_study;
			productName = algorithm_study;
			productReference = 06D0ABF8281F564600189EFC /* algorithm_study */;
			productType = "com.apple.product-type.tool";
		};
/* End PBXNativeTarget section */

/* Begin PBXProject section */
		06D0ABF0281F564600189EFC /* Project object */ = {
			isa = PBXProject;
			attributes = {
				BuildIndependentTargetsInParallel = 1;
				LastSwiftUpdateCheck = 1330;
				LastUpgradeCheck = 1330;
				TargetAttributes = {
					06D0ABF7281F564600189EFC = {
						CreatedOnToolsVersion = 13.3.1;
					};
				};
			};
			buildConfigurationList = 06D0ABF3281F564600189EFC /* Build configuration list for PBXProject "algorithm_study" */;
			compatibilityVersion = "Xcode 13.0";
			developmentRegion = en;
			hasScannedForEncodings = 0;
			knownRegions = (
				en,
				Base,
			);
			mainGroup = 06D0ABEF281F564600189EFC;
			productRefGroup = 06D0ABF9281F564600189EFC /* Products */;
			projectDirPath = "";
			projectRoot = "";
			targets = (
				06D0ABF7281F564600189EFC /* algorithm_study */,
			);
		};
/* End PBXProject section */

/* Begin PBXSourcesBuildPhase section */
		06D0ABF4281F564600189EFC /* Sources */ = {
			isa = PBXSourcesBuildPhase;
			buildActionMask = 2147483647;
			files = (
				060747112880EB28008FEB25 /* 20220715.swift in Sources */,
				5AB24273283C4D1200DDB88A /* 20220524.swift in Sources */,
				06CEF22B285BF71800A620CC /* 20220617.swift in Sources */,
				060747172883C08A008FEB25 /* 20220719.swift in Sources */,
				5AAD6EEA282C91320000AF05 /* 20220512.swift in Sources */,
				0685CF60284DD543002F770D /* 20220606.swift in Sources */,
				0607470F287F990F008FEB25 /* 20220714.swift in Sources */,
				5A063C96282495470045EC3F /* 20220506.swift in Sources */,
				5ABD62E32829E9E70021BF3E /* 20220510.swift in Sources */,
				06D0AC082821F6E900189EFC /* 20220504.swift in Sources */,
				06CEF23728653B1900A620CC /* 20220624.swift in Sources */,
				0607471B288AEE09008FEB25 /* 20220722.swift in Sources */,
				06A32A9C283DA85A0044ED0C /* 20220525.swift in Sources */,
				063B34A8286921280038534B /* 20220627.swift in Sources */,
				06CEF2392866DCF400A620CC /* 20220625.swift in Sources */,
				5AB86F9B28331F890053E5D0 /* 20220517.swift in Sources */,
				06CEF2332862A21600A620CC /* 20220622.swift in Sources */,
				065A4116287029FE004E85F9 /* 20220702.swift in Sources */,
				06A32AA4284271AC0044ED0C /* 20220529.swift in Sources */,
				06D0AC12282FECC300189EFC /* 20220514.swift in Sources */,
				06CEF231286164D200A620CC /* 20220621.swift in Sources */,
				060F07D3288ED07900BE4457 /* 20220725.swift in Sources */,
				065A4111286D2E8C004E85F9 /* 20220630.swift in Sources */,
				06A32AA228426A140044ED0C /* 20220528.swift in Sources */,
				060747132882F985008FEB25 /* 20220716.swift in Sources */,
				5A2CFC04282DCE3D0086EA17 /* 20220513.swift in Sources */,
				06D0AC042820978200189EFC /* 20220502.swift in Sources */,
				065A4118287263E5004E85F9 /* 20220704.swift in Sources */,
				064A7ADB285959650044EDEE /* 20220614.swift in Sources */,
				5AB4099B282B2DBA00926816 /* 20220511.swift in Sources */,
				063B34AA286A7B6B0038534B /* 20220628.swift in Sources */,
				0685CF62284EE20F002F770D /* 20220607.swift in Sources */,
				065A411A287411E4004E85F9 /* 20220705.swift in Sources */,
				5AB988052831C4800052DBB8 /* 20220515.swift in Sources */,
				0607471928863CE9008FEB25 /* 20220720.swift in Sources */,
				065A4124287A6F0F004E85F9 /* 20220709.swift in Sources */,
				065A41202877A309004E85F9 /* 20220708.swift in Sources */,
				064A7ADF285AB9B90044EDEE /* 20220616.swift in Sources */,
				06A32AA628443BC20044ED0C /* 20220530.swift in Sources */,
				065A411E2876BF77004E85F9 /* 20220707.swift in Sources */,
				066FC4502836419B0046DA95 /* 20220519.swift in Sources */,
				064A7ADD285959710044EDEE /* 20220615.swift in Sources */,
				06A32AAA28479B010044ED0C /* 20220601.swift in Sources */,
				06E45F1D287E425100F7D05A /* 20220713.swift in Sources */,
				06A32AA8284589110044ED0C /* 20220531.swift in Sources */,
				060747152883A9D8008FEB25 /* 20220718.swift in Sources */,
				06D0ABFC281F564600189EFC /* main.swift in Sources */,
				5AB86F9D28331FB90053E5D0 /* 20220516.swift in Sources */,
				0685CF6D28559BC6002F770D /* 20220612.swift in Sources */,
				5AB9AE15283AFC63001FE338 /* 20220523.swift in Sources */,
				06CEF22D285D9EE800A620CC /* 20220618.swift in Sources */,
				06CEF22F28600FC700A620CC /* 20220620.swift in Sources */,
				0685CF6A28546B5F002F770D /* 20220611.swift in Sources */,
				5AB6D562283476BC001C9043 /* 20220518.swift in Sources */,
				0685CF642850178C002F770D /* 20220608.swift in Sources */,
				06D0AC062820EA4500189EFC /* 20220503.swift in Sources */,
				0685CF66285182AA002F770D /* 20220609.swift in Sources */,
				0685CF682852C2F1002F770D /* 20220610.swift in Sources */,
				5AB697CA28288F76003268C6 /* 20220509.swift in Sources */,
				063B34AC286BEBE80038534B /* 20220629.swift in Sources */,
				06A32A9E283EFE390044ED0C /* 20220526.swift in Sources */,
				5AB647DE28370C340086DB14 /* 20220520.swift in Sources */,
				065A4114286E8364004E85F9 /* 20220701.swift in Sources */,
				064A7AD92856B7870044EDEE /* 20220613.swift in Sources */,
				065A411C28751968004E85F9 /* 20220706.swift in Sources */,
				060F07D5289022B600BE4457 /* 20220726.swift in Sources */,
				065A4128287CF3B2004E85F9 /* 20220712.swift in Sources */,
				065A4126287B98F6004E85F9 /* 20220711.swift in Sources */,
				0685CF5E284C6523002F770D /* 20220605.swift in Sources */,
				06A32AA02841A3F10044ED0C /* 20220527.swift in Sources */,
				06CEF2352863E11600A620CC /* 20220623.swift in Sources */,
				06D0AC0A2826AB7E00189EFC /* 20220507.swift in Sources */,
				06A32AAE28497CAE0044ED0C /* 20220603.swift in Sources */,
				06D0AC0C2826C50C00189EFC /* 20220508.swift in Sources */,
				06A32AAC28482E9D0044ED0C /* 20220602.swift in Sources */,
			);
			runOnlyForDeploymentPostprocessing = 0;
		};
/* End PBXSourcesBuildPhase section */

/* Begin XCBuildConfiguration section */
		06D0ABFD281F564600189EFC /* Debug */ = {
			isa = XCBuildConfiguration;
			buildSettings = {
				ALWAYS_SEARCH_USER_PATHS = NO;
				CLANG_ANALYZER_NONNULL = YES;
				CLANG_ANALYZER_NUMBER_OBJECT_CONVERSION = YES_AGGRESSIVE;
				CLANG_CXX_LANGUAGE_STANDARD = "gnu++17";
				CLANG_ENABLE_MODULES = YES;
				CLANG_ENABLE_OBJC_ARC = YES;
				CLANG_ENABLE_OBJC_WEAK = YES;
				CLANG_WARN_BLOCK_CAPTURE_AUTORELEASING = YES;
				CLANG_WARN_BOOL_CONVERSION = YES;
				CLANG_WARN_COMMA = YES;
				CLANG_WARN_CONSTANT_CONVERSION = YES;
				CLANG_WARN_DEPRECATED_OBJC_IMPLEMENTATIONS = YES;
				CLANG_WARN_DIRECT_OBJC_ISA_USAGE = YES_ERROR;
				CLANG_WARN_DOCUMENTATION_COMMENTS = YES;
				CLANG_WARN_EMPTY_BODY = YES;
				CLANG_WARN_ENUM_CONVERSION = YES;
				CLANG_WARN_INFINITE_RECURSION = YES;
				CLANG_WARN_INT_CONVERSION = YES;
				CLANG_WARN_NON_LITERAL_NULL_CONVERSION = YES;
				CLANG_WARN_OBJC_IMPLICIT_RETAIN_SELF = YES;
				CLANG_WARN_OBJC_LITERAL_CONVERSION = YES;
				CLANG_WARN_OBJC_ROOT_CLASS = YES_ERROR;
				CLANG_WARN_QUOTED_INCLUDE_IN_FRAMEWORK_HEADER = YES;
				CLANG_WARN_RANGE_LOOP_ANALYSIS = YES;
				CLANG_WARN_STRICT_PROTOTYPES = YES;
				CLANG_WARN_SUSPICIOUS_MOVE = YES;
				CLANG_WARN_UNGUARDED_AVAILABILITY = YES_AGGRESSIVE;
				CLANG_WARN_UNREACHABLE_CODE = YES;
				CLANG_WARN__DUPLICATE_METHOD_MATCH = YES;
				COPY_PHASE_STRIP = NO;
				DEBUG_INFORMATION_FORMAT = dwarf;
				ENABLE_STRICT_OBJC_MSGSEND = YES;
				ENABLE_TESTABILITY = YES;
				GCC_C_LANGUAGE_STANDARD = gnu11;
				GCC_DYNAMIC_NO_PIC = NO;
				GCC_NO_COMMON_BLOCKS = YES;
				GCC_OPTIMIZATION_LEVEL = 0;
				GCC_PREPROCESSOR_DEFINITIONS = (
					"DEBUG=1",
					"$(inherited)",
				);
				GCC_WARN_64_TO_32_BIT_CONVERSION = YES;
				GCC_WARN_ABOUT_RETURN_TYPE = YES_ERROR;
				GCC_WARN_UNDECLARED_SELECTOR = YES;
				GCC_WARN_UNINITIALIZED_AUTOS = YES_AGGRESSIVE;
				GCC_WARN_UNUSED_FUNCTION = YES;
				GCC_WARN_UNUSED_VARIABLE = YES;
				MACOSX_DEPLOYMENT_TARGET = 12.3;
				MTL_ENABLE_DEBUG_INFO = INCLUDE_SOURCE;
				MTL_FAST_MATH = YES;
				ONLY_ACTIVE_ARCH = YES;
				SDKROOT = macosx;
				SWIFT_ACTIVE_COMPILATION_CONDITIONS = DEBUG;
				SWIFT_OPTIMIZATION_LEVEL = "-Onone";
			};
			name = Debug;
		};
		06D0ABFE281F564600189EFC /* Release */ = {
			isa = XCBuildConfiguration;
			buildSettings = {
				ALWAYS_SEARCH_USER_PATHS = NO;
				CLANG_ANALYZER_NONNULL = YES;
				CLANG_ANALYZER_NUMBER_OBJECT_CONVERSION = YES_AGGRESSIVE;
				CLANG_CXX_LANGUAGE_STANDARD = "gnu++17";
				CLANG_ENABLE_MODULES = YES;
				CLANG_ENABLE_OBJC_ARC = YES;
				CLANG_ENABLE_OBJC_WEAK = YES;
				CLANG_WARN_BLOCK_CAPTURE_AUTORELEASING = YES;
				CLANG_WARN_BOOL_CONVERSION = YES;
				CLANG_WARN_COMMA = YES;
				CLANG_WARN_CONSTANT_CONVERSION = YES;
				CLANG_WARN_DEPRECATED_OBJC_IMPLEMENTATIONS = YES;
				CLANG_WARN_DIRECT_OBJC_ISA_USAGE = YES_ERROR;
				CLANG_WARN_DOCUMENTATION_COMMENTS = YES;
				CLANG_WARN_EMPTY_BODY = YES;
				CLANG_WARN_ENUM_CONVERSION = YES;
				CLANG_WARN_INFINITE_RECURSION = YES;
				CLANG_WARN_INT_CONVERSION = YES;
				CLANG_WARN_NON_LITERAL_NULL_CONVERSION = YES;
				CLANG_WARN_OBJC_IMPLICIT_RETAIN_SELF = YES;
				CLANG_WARN_OBJC_LITERAL_CONVERSION = YES;
				CLANG_WARN_OBJC_ROOT_CLASS = YES_ERROR;
				CLANG_WARN_QUOTED_INCLUDE_IN_FRAMEWORK_HEADER = YES;
				CLANG_WARN_RANGE_LOOP_ANALYSIS = YES;
				CLANG_WARN_STRICT_PROTOTYPES = YES;
				CLANG_WARN_SUSPICIOUS_MOVE = YES;
				CLANG_WARN_UNGUARDED_AVAILABILITY = YES_AGGRESSIVE;
				CLANG_WARN_UNREACHABLE_CODE = YES;
				CLANG_WARN__DUPLICATE_METHOD_MATCH = YES;
				COPY_PHASE_STRIP = NO;
				DEBUG_INFORMATION_FORMAT = "dwarf-with-dsym";
				ENABLE_NS_ASSERTIONS = NO;
				ENABLE_STRICT_OBJC_MSGSEND = YES;
				GCC_C_LANGUAGE_STANDARD = gnu11;
				GCC_NO_COMMON_BLOCKS = YES;
				GCC_WARN_64_TO_32_BIT_CONVERSION = YES;
				GCC_WARN_ABOUT_RETURN_TYPE = YES_ERROR;
				GCC_WARN_UNDECLARED_SELECTOR = YES;
				GCC_WARN_UNINITIALIZED_AUTOS = YES_AGGRESSIVE;
				GCC_WARN_UNUSED_FUNCTION = YES;
				GCC_WARN_UNUSED_VARIABLE = YES;
				MACOSX_DEPLOYMENT_TARGET = 12.3;
				MTL_ENABLE_DEBUG_INFO = NO;
				MTL_FAST_MATH = YES;
				SDKROOT = macosx;
				SWIFT_COMPILATION_MODE = wholemodule;
				SWIFT_OPTIMIZATION_LEVEL = "-O";
			};
			name = Release;
		};
		06D0AC00281F564600189EFC /* Debug */ = {
			isa = XCBuildConfiguration;
			buildSettings = {
				CODE_SIGN_STYLE = Automatic;
				DEVELOPMENT_TEAM = ZX72355299;
				ENABLE_HARDENED_RUNTIME = YES;
				PRODUCT_NAME = "$(TARGET_NAME)";
				SWIFT_VERSION = 5.0;
			};
			name = Debug;
		};
		06D0AC01281F564600189EFC /* Release */ = {
			isa = XCBuildConfiguration;
			buildSettings = {
				CODE_SIGN_STYLE = Automatic;
				DEVELOPMENT_TEAM = ZX72355299;
				ENABLE_HARDENED_RUNTIME = YES;
				PRODUCT_NAME = "$(TARGET_NAME)";
				SWIFT_VERSION = 5.0;
			};
			name = Release;
		};
/* End XCBuildConfiguration section */

/* Begin XCConfigurationList section */
		06D0ABF3281F564600189EFC /* Build configuration list for PBXProject "algorithm_study" */ = {
			isa = XCConfigurationList;
			buildConfigurations = (
				06D0ABFD281F564600189EFC /* Debug */,
				06D0ABFE281F564600189EFC /* Release */,
			);
			defaultConfigurationIsVisible = 0;
			defaultConfigurationName = Release;
		};
		06D0ABFF281F564600189EFC /* Build configuration list for PBXNativeTarget "algorithm_study" */ = {
			isa = XCConfigurationList;
			buildConfigurations = (
				06D0AC00281F564600189EFC /* Debug */,
				06D0AC01281F564600189EFC /* Release */,
			);
			defaultConfigurationIsVisible = 0;
			defaultConfigurationName = Release;
		};
/* End XCConfigurationList section */
	};
	rootObject = 06D0ABF0281F564600189EFC /* Project object */;
}
