// !$*UTF8*$!
{
	archiveVersion = 1;
	classes = {
	};
	objectVersion = 55;
	objects = {

/* Begin PBXBuildFile section */
		0607470F287F990F008FEB25 /* 20220714.swift in Sources */ = {isa = PBXBuildFile; fileRef = 0607470E287F990F008FEB25 /* 20220714.swift */; };
		060747112880EB28008FEB25 /* 20220715.swift in Sources */ = {isa = PBXBuildFile; fileRef = 060747102880EB28008FEB25 /* 20220715.swift */; };
		060747132882F985008FEB25 /* 20220716.swift in Sources */ = {isa = PBXBuildFile; fileRef = 060747122882F985008FEB25 /* 20220716.swift */; };
		060747152883A9D8008FEB25 /* 20220718.swift in Sources */ = {isa = PBXBuildFile; fileRef = 060747142883A9D8008FEB25 /* 20220718.swift */; };
		060747172883C08A008FEB25 /* 20220719.swift in Sources */ = {isa = PBXBuildFile; fileRef = 060747162883C08A008FEB25 /* 20220719.swift */; };
		0607471928863CE9008FEB25 /* 20220720.swift in Sources */ = {isa = PBXBuildFile; fileRef = 0607471828863CE9008FEB25 /* 20220720.swift */; };
		0607471B288AEE09008FEB25 /* 20220722.swift in Sources */ = {isa = PBXBuildFile; fileRef = 0607471A288AEE09008FEB25 /* 20220722.swift */; };
		060CA14F28DC9E0600A24E2F /* 20220922.swift in Sources */ = {isa = PBXBuildFile; fileRef = 060CA14E28DC9E0600A24E2F /* 20220922.swift */; };
		060CA15128DDF7F100A24E2F /* 20220923.swift in Sources */ = {isa = PBXBuildFile; fileRef = 060CA15028DDF7F100A24E2F /* 20220923.swift */; };
		060CA15328E0038F00A24E2F /* 20220925.swift in Sources */ = {isa = PBXBuildFile; fileRef = 060CA15228E0038F00A24E2F /* 20220925.swift */; };
		060F07D3288ED07900BE4457 /* 20220725.swift in Sources */ = {isa = PBXBuildFile; fileRef = 060F07D2288ED07900BE4457 /* 20220725.swift */; };
		060F07D5289022B600BE4457 /* 20220726.swift in Sources */ = {isa = PBXBuildFile; fileRef = 060F07D4289022B600BE4457 /* 20220726.swift */; };
		060F07D728917F2300BE4457 /* 20220727.swift in Sources */ = {isa = PBXBuildFile; fileRef = 060F07D628917F2300BE4457 /* 20220727.swift */; };
		060F07D92892D44800BE4457 /* 20220728.swift in Sources */ = {isa = PBXBuildFile; fileRef = 060F07D82892D44800BE4457 /* 20220728.swift */; };
		060F07DB2894139100BE4457 /* 20220729.swift in Sources */ = {isa = PBXBuildFile; fileRef = 060F07DA2894139100BE4457 /* 20220729.swift */; };
		061AA80428B7B5450061D6D9 /* 20220825.swift in Sources */ = {isa = PBXBuildFile; fileRef = 061AA80328B7B5450061D6D9 /* 20220825.swift */; };
		061AA80628B901950061D6D9 /* 20220826.swift in Sources */ = {isa = PBXBuildFile; fileRef = 061AA80528B901950061D6D9 /* 20220826.swift */; };
		061AA80828BA3A540061D6D9 /* 20220827.swift in Sources */ = {isa = PBXBuildFile; fileRef = 061AA80728BA3A540061D6D9 /* 20220827.swift */; };
		061AA80A28BD07410061D6D9 /* 20220829.swift in Sources */ = {isa = PBXBuildFile; fileRef = 061AA80928BD07410061D6D9 /* 20220829.swift */; };
		061AA80C28BFA3690061D6D9 /* 20220831.swift in Sources */ = {isa = PBXBuildFile; fileRef = 061AA80B28BFA3690061D6D9 /* 20220831.swift */; };
		061AA80E28BFA3880061D6D9 /* 20220830.swift in Sources */ = {isa = PBXBuildFile; fileRef = 061AA80D28BFA3880061D6D9 /* 20220830.swift */; };
		063B34A8286921280038534B /* 20220627.swift in Sources */ = {isa = PBXBuildFile; fileRef = 063B34A7286921280038534B /* 20220627.swift */; };
		063B34AA286A7B6B0038534B /* 20220628.swift in Sources */ = {isa = PBXBuildFile; fileRef = 063B34A9286A7B6B0038534B /* 20220628.swift */; };
		063B34AC286BEBE80038534B /* 20220629.swift in Sources */ = {isa = PBXBuildFile; fileRef = 063B34AB286BEBE80038534B /* 20220629.swift */; };
		064752A329B786F60047E84A /* 20230307.swift in Sources */ = {isa = PBXBuildFile; fileRef = 064752A229B786F60047E84A /* 20230307.swift */; };
		064752A529BA1D270047E84A /* 20230309.swift in Sources */ = {isa = PBXBuildFile; fileRef = 064752A429BA1D270047E84A /* 20230309.swift */; };
		0647BF8E28F062B600CD57F9 /* 20221007.swift in Sources */ = {isa = PBXBuildFile; fileRef = 0647BF8D28F062B600CD57F9 /* 20221007.swift */; };
		0647BF9228F5AA0500CD57F9 /* 20221011.swift in Sources */ = {isa = PBXBuildFile; fileRef = 0647BF9128F5AA0500CD57F9 /* 20221011.swift */; };
		0647BF9428F700C700CD57F9 /* 20221012.swift in Sources */ = {isa = PBXBuildFile; fileRef = 0647BF9328F700C700CD57F9 /* 20221012.swift */; };
		0647BF9628F850BD00CD57F9 /* 20221013.swift in Sources */ = {isa = PBXBuildFile; fileRef = 0647BF9528F850BD00CD57F9 /* 20221013.swift */; };
		064A7AD92856B7870044EDEE /* 20220613.swift in Sources */ = {isa = PBXBuildFile; fileRef = 064A7AD82856B7870044EDEE /* 20220613.swift */; };
		064A7ADB285959650044EDEE /* 20220614.swift in Sources */ = {isa = PBXBuildFile; fileRef = 064A7ADA285959650044EDEE /* 20220614.swift */; };
		064A7ADD285959710044EDEE /* 20220615.swift in Sources */ = {isa = PBXBuildFile; fileRef = 064A7ADC285959710044EDEE /* 20220615.swift */; };
		064A7ADF285AB9B90044EDEE /* 20220616.swift in Sources */ = {isa = PBXBuildFile; fileRef = 064A7ADE285AB9B90044EDEE /* 20220616.swift */; };
		064E117C297593B900AB935F /* 20230116  .swift in Sources */ = {isa = PBXBuildFile; fileRef = 064E117B297593B900AB935F /* 20230116  .swift */; };
		064E117E2976DB7C00AB935F /* 20230117.swift in Sources */ = {isa = PBXBuildFile; fileRef = 064E117D2976DB7C00AB935F /* 20230117.swift */; };
		064E11802978375000AB935F /* 20230118.swift in Sources */ = {isa = PBXBuildFile; fileRef = 064E117F2978375000AB935F /* 20230118.swift */; };
		064E118229798AC500AB935F /* 20230119.swift in Sources */ = {isa = PBXBuildFile; fileRef = 064E118129798AC500AB935F /* 20230119.swift */; };
		065A4111286D2E8C004E85F9 /* 20220630.swift in Sources */ = {isa = PBXBuildFile; fileRef = 065A4110286D2E8C004E85F9 /* 20220630.swift */; };
		065A4114286E8364004E85F9 /* 20220701.swift in Sources */ = {isa = PBXBuildFile; fileRef = 065A4113286E8364004E85F9 /* 20220701.swift */; };
		065A4116287029FE004E85F9 /* 20220702.swift in Sources */ = {isa = PBXBuildFile; fileRef = 065A4115287029FE004E85F9 /* 20220702.swift */; };
		065A4118287263E5004E85F9 /* 20220704.swift in Sources */ = {isa = PBXBuildFile; fileRef = 065A4117287263E5004E85F9 /* 20220704.swift */; };
		065A411A287411E4004E85F9 /* 20220705.swift in Sources */ = {isa = PBXBuildFile; fileRef = 065A4119287411E4004E85F9 /* 20220705.swift */; };
		065A411C28751968004E85F9 /* 20220706.swift in Sources */ = {isa = PBXBuildFile; fileRef = 065A411B28751968004E85F9 /* 20220706.swift */; };
		065A411E2876BF77004E85F9 /* 20220707.swift in Sources */ = {isa = PBXBuildFile; fileRef = 065A411D2876BF77004E85F9 /* 20220707.swift */; };
		065A41202877A309004E85F9 /* 20220708.swift in Sources */ = {isa = PBXBuildFile; fileRef = 065A411F2877A309004E85F9 /* 20220708.swift */; };
		065A4124287A6F0F004E85F9 /* 20220709.swift in Sources */ = {isa = PBXBuildFile; fileRef = 065A4123287A6F0E004E85F9 /* 20220709.swift */; };
		065A4126287B98F6004E85F9 /* 20220711.swift in Sources */ = {isa = PBXBuildFile; fileRef = 065A4125287B98F6004E85F9 /* 20220711.swift */; };
		065A4128287CF3B2004E85F9 /* 20220712.swift in Sources */ = {isa = PBXBuildFile; fileRef = 065A4127287CF3B2004E85F9 /* 20220712.swift */; };
		065D3F7E29154E7400098FD4 /* 20221104.swift in Sources */ = {isa = PBXBuildFile; fileRef = 065D3F7D29154E7400098FD4 /* 20221104.swift */; };
		065D3F802919496F00098FD4 /* 20221107.swift in Sources */ = {isa = PBXBuildFile; fileRef = 065D3F7F2919496F00098FD4 /* 20221107.swift */; };
		065D3F82291A8DA200098FD4 /* 20221108.swift in Sources */ = {isa = PBXBuildFile; fileRef = 065D3F81291A8DA200098FD4 /* 20221108.swift */; };
		065D3F84291BF08F00098FD4 /* 20221109.swift in Sources */ = {isa = PBXBuildFile; fileRef = 065D3F83291BF08F00098FD4 /* 20221109.swift */; };
		065D3F86291D429300098FD4 /* 20221110.swift in Sources */ = {isa = PBXBuildFile; fileRef = 065D3F85291D429300098FD4 /* 20221110.swift */; };
		065D3F88291E927B00098FD4 /* 20221111.swift in Sources */ = {isa = PBXBuildFile; fileRef = 065D3F87291E927B00098FD4 /* 20221111.swift */; };
		065D3F8A2923DDD100098FD4 /* 20221115.swift in Sources */ = {isa = PBXBuildFile; fileRef = 065D3F892923DDD100098FD4 /* 20221115.swift */; };
		065D3F8C292524C700098FD4 /* 20221116.swift in Sources */ = {isa = PBXBuildFile; fileRef = 065D3F8B292524C700098FD4 /* 20221116.swift */; };
		065D3F8E29267CFE00098FD4 /* 20221117.swift in Sources */ = {isa = PBXBuildFile; fileRef = 065D3F8D29267CFE00098FD4 /* 20221117.swift */; };
		065D3F90292D0CCF00098FD4 /* 20221118.swift in Sources */ = {isa = PBXBuildFile; fileRef = 065D3F8F292D0CCF00098FD4 /* 20221118.swift */; };
		065D3F922934F22400098FD4 /* 20221124.swift in Sources */ = {isa = PBXBuildFile; fileRef = 065D3F912934F22400098FD4 /* 20221124.swift */; };
		065D3F94293645C000098FD4 /* 20221125.swift in Sources */ = {isa = PBXBuildFile; fileRef = 065D3F93293645C000098FD4 /* 20221125.swift */; };
		065D3F962937A4A400098FD4 /* 20221128.swift in Sources */ = {isa = PBXBuildFile; fileRef = 065D3F952937A4A400098FD4 /* 20221128.swift */; };
		065D3F982938F71800098FD4 /* 20221129.swift in Sources */ = {isa = PBXBuildFile; fileRef = 065D3F972938F71800098FD4 /* 20221129.swift */; };
		065D3F9A293A429A00098FD4 /* 20221130.swift in Sources */ = {isa = PBXBuildFile; fileRef = 065D3F99293A429A00098FD4 /* 20221130.swift */; };
		065D3F9D293B940200098FD4 /* 20221201.swift in Sources */ = {isa = PBXBuildFile; fileRef = 065D3F9C293B940200098FD4 /* 20221201.swift */; };
		065D3F9F293F755000098FD4 /* 20221206.swift in Sources */ = {isa = PBXBuildFile; fileRef = 065D3F9E293F755000098FD4 /* 20221206.swift */; };
		065D3FA1294225F500098FD4 /* 20221207.swift in Sources */ = {isa = PBXBuildFile; fileRef = 065D3FA0294225F500098FD4 /* 20221207.swift */; };
		065D3FA329437C9600098FD4 /* 20221208.swift in Sources */ = {isa = PBXBuildFile; fileRef = 065D3FA229437C9600098FD4 /* 20221208.swift */; };
		065D3FA52944C5B700098FD4 /* 20221209.swift in Sources */ = {isa = PBXBuildFile; fileRef = 065D3FA42944C5B700098FD4 /* 20221209.swift */; };
		065D3FA72947640500098FD4 /* 20221212.swift in Sources */ = {isa = PBXBuildFile; fileRef = 065D3FA62947640500098FD4 /* 20221212.swift */; };
		065D3FA92948AD3800098FD4 /* 20221213.swift in Sources */ = {isa = PBXBuildFile; fileRef = 065D3FA82948AD3800098FD4 /* 20221213.swift */; };
		066FC4502836419B0046DA95 /* 20220519.swift in Sources */ = {isa = PBXBuildFile; fileRef = 066FC44F2836419B0046DA95 /* 20220519.swift */; };
		06791CF52959E665004F05CD /* 20221226.swift in Sources */ = {isa = PBXBuildFile; fileRef = 06791CF42959E665004F05CD /* 20221226.swift */; };
		06791CFD295B30C6004F05CD /* 20221227.swift in Sources */ = {isa = PBXBuildFile; fileRef = 06791CFC295B30C6004F05CD /* 20221227.swift */; };
		06791D01295C86C3004F05CD /* 20221228.swift in Sources */ = {isa = PBXBuildFile; fileRef = 06791D00295C86C3004F05CD /* 20221228.swift */; };
		06791D0F295DD633004F05CD /* 20221229.swift in Sources */ = {isa = PBXBuildFile; fileRef = 06791D0E295DD633004F05CD /* 20221229.swift */; };
		06791D11295F250B004F05CD /* 20221230.swift in Sources */ = {isa = PBXBuildFile; fileRef = 06791D10295F250B004F05CD /* 20221230.swift */; };
		06791D142963209B004F05CD /* 20230102.swift in Sources */ = {isa = PBXBuildFile; fileRef = 06791D132963209B004F05CD /* 20230102.swift */; };
		06791D1629647170004F05CD /* 20230103.swift in Sources */ = {isa = PBXBuildFile; fileRef = 06791D1529647170004F05CD /* 20230103.swift */; };
		06791D18296718BE004F05CD /* 20230105.swift in Sources */ = {isa = PBXBuildFile; fileRef = 06791D17296718BE004F05CD /* 20230105.swift */; };
		06791D1A296DACFB004F05CD /* 20230110.swift in Sources */ = {isa = PBXBuildFile; fileRef = 06791D19296DACFB004F05CD /* 20230110.swift */; };
		06791D1C296EFE61004F05CD /* 20230111.swift in Sources */ = {isa = PBXBuildFile; fileRef = 06791D1B296EFE61004F05CD /* 20230111.swift */; };
		06791D1E29703233004F05CD /* 20230112.swift in Sources */ = {isa = PBXBuildFile; fileRef = 06791D1D29703233004F05CD /* 20230112.swift */; };
		06791D202971A4CC004F05CD /* 20230113.swift in Sources */ = {isa = PBXBuildFile; fileRef = 06791D1F2971A4CC004F05CD /* 20230113.swift */; };
		0685CF5E284C6523002F770D /* 20220605.swift in Sources */ = {isa = PBXBuildFile; fileRef = 0685CF5D284C6523002F770D /* 20220605.swift */; };
		0685CF60284DD543002F770D /* 20220606.swift in Sources */ = {isa = PBXBuildFile; fileRef = 0685CF5F284DD543002F770D /* 20220606.swift */; };
		0685CF62284EE20F002F770D /* 20220607.swift in Sources */ = {isa = PBXBuildFile; fileRef = 0685CF61284EE20F002F770D /* 20220607.swift */; };
		0685CF642850178C002F770D /* 20220608.swift in Sources */ = {isa = PBXBuildFile; fileRef = 0685CF632850178C002F770D /* 20220608.swift */; };
		0685CF66285182AA002F770D /* 20220609.swift in Sources */ = {isa = PBXBuildFile; fileRef = 0685CF65285182AA002F770D /* 20220609.swift */; };
		0685CF682852C2F1002F770D /* 20220610.swift in Sources */ = {isa = PBXBuildFile; fileRef = 0685CF672852C2F0002F770D /* 20220610.swift */; };
		0685CF6A28546B5F002F770D /* 20220611.swift in Sources */ = {isa = PBXBuildFile; fileRef = 0685CF6928546B5F002F770D /* 20220611.swift */; };
		0685CF6D28559BC6002F770D /* 20220612.swift in Sources */ = {isa = PBXBuildFile; fileRef = 0685CF6C28559BC6002F770D /* 20220612.swift */; };
		0687362F28C24284007A0780 /* 20220902.swift in Sources */ = {isa = PBXBuildFile; fileRef = 0687362E28C24284007A0780 /* 20220902.swift */; };
		0687363228C3435E007A0780 /* 20220903.swift in Sources */ = {isa = PBXBuildFile; fileRef = 0687363128C3435E007A0780 /* 20220903.swift */; };
		0687363428C637DE007A0780 /* 20220905.swift in Sources */ = {isa = PBXBuildFile; fileRef = 0687363328C637DE007A0780 /* 20220905.swift */; };
		0687363628C787F0007A0780 /* 20220906.swift in Sources */ = {isa = PBXBuildFile; fileRef = 0687363528C787F0007A0780 /* 20220906.swift */; };
		0687363828C8DE84007A0780 /* 20220907.swift in Sources */ = {isa = PBXBuildFile; fileRef = 0687363728C8DE84007A0780 /* 20220907.swift */; };
		0688A1CA29B0C3820057B2DB /* 20230302.swift in Sources */ = {isa = PBXBuildFile; fileRef = 0688A1C929B0C3820057B2DB /* 20230302.swift */; };
		068D4CFE28B3B6C400F44F6E /* 20220822.swift in Sources */ = {isa = PBXBuildFile; fileRef = 068D4CFD28B3B6C400F44F6E /* 20220822.swift */; };
		068D4D0028B50D6D00F44F6E /* 20220823.swift in Sources */ = {isa = PBXBuildFile; fileRef = 068D4CFF28B50D6D00F44F6E /* 20220823.swift */; };
		068D4D0228B667BD00F44F6E /* 20220824.swift in Sources */ = {isa = PBXBuildFile; fileRef = 068D4D0128B667BD00F44F6E /* 20220824.swift */; };
		068F2EC529C0AFD8009A2158 /* 20230314.swift in Sources */ = {isa = PBXBuildFile; fileRef = 068F2EC429C0AFD8009A2158 /* 20230314.swift */; };
		068F2EC729C201FD009A2158 /* 20230315.swift in Sources */ = {isa = PBXBuildFile; fileRef = 068F2EC629C201FD009A2158 /* 20230315.swift */; };
		068F2EC929C33501009A2158 /* 20230316.swift in Sources */ = {isa = PBXBuildFile; fileRef = 068F2EC829C33501009A2158 /* 20230316.swift */; };
		0697714F28CA2F8000569280 /* 20220908.swift in Sources */ = {isa = PBXBuildFile; fileRef = 0697714E28CA2F8000569280 /* 20220908.swift */; };
		0697716728D0B09400569280 /* 20220913.swift in Sources */ = {isa = PBXBuildFile; fileRef = 0697716628D0B09400569280 /* 20220913.swift */; };
		0697716928D21F3C00569280 /* 20220914.swift in Sources */ = {isa = PBXBuildFile; fileRef = 0697716828D21F3C00569280 /* 20220914.swift */; };
		0697716B28D5EE5400569280 /* 20220915.swift in Sources */ = {isa = PBXBuildFile; fileRef = 0697716A28D5EE5400569280 /* 20220915.swift */; };
		06A32A9C283DA85A0044ED0C /* 20220525.swift in Sources */ = {isa = PBXBuildFile; fileRef = 06A32A9B283DA85A0044ED0C /* 20220525.swift */; };
		06A32A9E283EFE390044ED0C /* 20220526.swift in Sources */ = {isa = PBXBuildFile; fileRef = 06A32A9D283EFE390044ED0C /* 20220526.swift */; };
		06A32AA02841A3F10044ED0C /* 20220527.swift in Sources */ = {isa = PBXBuildFile; fileRef = 06A32A9F2841A3F10044ED0C /* 20220527.swift */; };
		06A32AA228426A140044ED0C /* 20220528.swift in Sources */ = {isa = PBXBuildFile; fileRef = 06A32AA128426A140044ED0C /* 20220528.swift */; };
		06A32AA4284271AC0044ED0C /* 20220529.swift in Sources */ = {isa = PBXBuildFile; fileRef = 06A32AA3284271AC0044ED0C /* 20220529.swift */; };
		06A32AA628443BC20044ED0C /* 20220530.swift in Sources */ = {isa = PBXBuildFile; fileRef = 06A32AA528443BC20044ED0C /* 20220530.swift */; };
		06A32AA8284589110044ED0C /* 20220531.swift in Sources */ = {isa = PBXBuildFile; fileRef = 06A32AA7284589110044ED0C /* 20220531.swift */; };
		06A32AAA28479B010044ED0C /* 20220601.swift in Sources */ = {isa = PBXBuildFile; fileRef = 06A32AA928479B010044ED0C /* 20220601.swift */; };
		06A32AAC28482E9D0044ED0C /* 20220602.swift in Sources */ = {isa = PBXBuildFile; fileRef = 06A32AAB28482E9C0044ED0C /* 20220602.swift */; };
		06A32AAE28497CAE0044ED0C /* 20220603.swift in Sources */ = {isa = PBXBuildFile; fileRef = 06A32AAD28497CAE0044ED0C /* 20220603.swift */; };
		06A564DA28A14BB500DBC2E0 /* 20220808.swift in Sources */ = {isa = PBXBuildFile; fileRef = 06A564D928A14BB500DBC2E0 /* 20220808.swift */; };
		06A564DC28A295AF00DBC2E0 /* 20220809.swift in Sources */ = {isa = PBXBuildFile; fileRef = 06A564DB28A295AF00DBC2E0 /* 20220809.swift */; };
		06A564DE28A3F4B900DBC2E0 /* 20220810.swift in Sources */ = {isa = PBXBuildFile; fileRef = 06A564DD28A3F4B900DBC2E0 /* 20220810.swift */; };
		06A564E028A546A700DBC2E0 /* 20220811.swift in Sources */ = {isa = PBXBuildFile; fileRef = 06A564DF28A546A700DBC2E0 /* 20220811.swift */; };
		06A564E228A699BC00DBC2E0 /* 20220812.swift in Sources */ = {isa = PBXBuildFile; fileRef = 06A564E128A699BC00DBC2E0 /* 20220812.swift */; };
		06A564E428A8BAD900DBC2E0 /* 20220815.swift in Sources */ = {isa = PBXBuildFile; fileRef = 06A564E328A8BAD900DBC2E0 /* 20220815.swift */; };
		06B956BE28950DBC00479DD8 /* 20220730.swift in Sources */ = {isa = PBXBuildFile; fileRef = 06B956BD28950DBC00479DD8 /* 20220730.swift */; };
		06B956C02898134B00479DD8 /* 20220801.swift in Sources */ = {isa = PBXBuildFile; fileRef = 06B956BF2898134B00479DD8 /* 20220801.swift */; };
		06B956C32899504200479DD8 /* 20220802.swift in Sources */ = {isa = PBXBuildFile; fileRef = 06B956C22899504200479DD8 /* 20220802.swift */; };
		06B956C5289ABEE300479DD8 /* 20220803.swift in Sources */ = {isa = PBXBuildFile; fileRef = 06B956C4289ABEE300479DD8 /* 20220803.swift */; };
		06B956C7289BF00F00479DD8 /* 20220804.swift in Sources */ = {isa = PBXBuildFile; fileRef = 06B956C6289BF00F00479DD8 /* 20220804.swift */; };
		06B956C9289D5DD200479DD8 /* 20220805.swift in Sources */ = {isa = PBXBuildFile; fileRef = 06B956C8289D5DD200479DD8 /* 20220805.swift */; };
		06B956CB289E437900479DD8 /* 20220806.swift in Sources */ = {isa = PBXBuildFile; fileRef = 06B956CA289E437900479DD8 /* 20220806.swift */; };
		06BC6066297AD55D00AA67E6 /* 20230120.swift in Sources */ = {isa = PBXBuildFile; fileRef = 06BC6065297AD55D00AA67E6 /* 20230120.swift */; };
		06BC6068297B826D00AA67E6 /* 20230121.swift in Sources */ = {isa = PBXBuildFile; fileRef = 06BC6067297B826D00AA67E6 /* 20230121.swift */; };
		06BC60792982C52A00AA67E6 /* 20230126.swift in Sources */ = {isa = PBXBuildFile; fileRef = 06BC60782982C52A00AA67E6 /* 20230126.swift */; };
		06BC607B29841D1500AA67E6 /* 20230127.swift in Sources */ = {isa = PBXBuildFile; fileRef = 06BC607A29841D1500AA67E6 /* 20230127.swift */; };
		06BC607D2986B3C700AA67E6 /* 20230129.swift in Sources */ = {isa = PBXBuildFile; fileRef = 06BC607C2986B3C700AA67E6 /* 20230129.swift */; };
		06BC6080299A80E200AA67E6 /* 20230213.swift in Sources */ = {isa = PBXBuildFile; fileRef = 06BC607F299A80E200AA67E6 /* 20230213.swift */; };
		06BC6082299BD54E00AA67E6 /* 20230214.swift in Sources */ = {isa = PBXBuildFile; fileRef = 06BC6081299BD54E00AA67E6 /* 20230214.swift */; };
		06BC6084299D1F1600AA67E6 /* 20230215.swift in Sources */ = {isa = PBXBuildFile; fileRef = 06BC6083299D1F1600AA67E6 /* 20230215.swift */; };
		06BC6086299E794B00AA67E6 /* 20230216.swift in Sources */ = {isa = PBXBuildFile; fileRef = 06BC6085299E794A00AA67E6 /* 20230216.swift */; };
		06BC6088299FBDAF00AA67E6 /* 20230217.swift in Sources */ = {isa = PBXBuildFile; fileRef = 06BC6087299FBDAF00AA67E6 /* 20230217.swift */; };
		06BC608E29A35FEF00AA67E6 /* 20230220.swift in Sources */ = {isa = PBXBuildFile; fileRef = 06BC608D29A35FEF00AA67E6 /* 20230220.swift */; };
		06BC609029A6606A00AA67E6 /* 20230222.swift in Sources */ = {isa = PBXBuildFile; fileRef = 06BC608F29A6606A00AA67E6 /* 20230222.swift */; };
		06BC609229A7A31D00AA67E6 /* 20230223.swift in Sources */ = {isa = PBXBuildFile; fileRef = 06BC609129A7A31D00AA67E6 /* 20230223.swift */; };
		06BC609429A907DE00AA67E6 /* 20230224.swift in Sources */ = {isa = PBXBuildFile; fileRef = 06BC609329A907DE00AA67E6 /* 20230224.swift */; };
		06BC609629ACE33800AA67E6 /* 20230227.swift in Sources */ = {isa = PBXBuildFile; fileRef = 06BC609529ACE33800AA67E6 /* 20230227.swift */; };
		06BC609829AE39C300AA67E6 /* 20230228.swift in Sources */ = {isa = PBXBuildFile; fileRef = 06BC609729AE39C300AA67E6 /* 20230228.swift */; };
		06C8579C28ABC998003E7A22 /* 20220816.swift in Sources */ = {isa = PBXBuildFile; fileRef = 06C8579B28ABC998003E7A22 /* 20220816.swift */; };
		06C8579E28AD2370003E7A22 /* 20220817.swift in Sources */ = {isa = PBXBuildFile; fileRef = 06C8579D28AD2370003E7A22 /* 20220817.swift */; };
		06C857A028AE7B8D003E7A22 /* 20220818.swift in Sources */ = {isa = PBXBuildFile; fileRef = 06C8579F28AE7B8D003E7A22 /* 20220818.swift */; };
		06C857A228AFD3F4003E7A22 /* 20220819.swift in Sources */ = {isa = PBXBuildFile; fileRef = 06C857A128AFD3F4003E7A22 /* 20220819.swift */; };
		06C857A428B12ABD003E7A22 /* 20220820.swift in Sources */ = {isa = PBXBuildFile; fileRef = 06C857A328B12ABD003E7A22 /* 20220820.swift */; };
		06CB256028E136E600A7FC76 /* 20220926.swift in Sources */ = {isa = PBXBuildFile; fileRef = 06CB255F28E136E600A7FC76 /* 20220926.swift */; };
		06CB256228E3309300A7FC76 /* 20220927.swift in Sources */ = {isa = PBXBuildFile; fileRef = 06CB256128E3309300A7FC76 /* 20220927.swift */; };
		06CB256428E4897900A7FC76 /* 20220928.swift in Sources */ = {isa = PBXBuildFile; fileRef = 06CB256328E4897900A7FC76 /* 20220928.swift */; };
		06CB256628E5D68100A7FC76 /* 20220929.swift in Sources */ = {isa = PBXBuildFile; fileRef = 06CB256528E5D68100A7FC76 /* 20220929.swift */; };
		06CB256828E7292300A7FC76 /* 20220930.swift in Sources */ = {isa = PBXBuildFile; fileRef = 06CB256728E7292300A7FC76 /* 20220930.swift */; };
		06CB256B28EAEF7E00A7FC76 /* 20221003.swift in Sources */ = {isa = PBXBuildFile; fileRef = 06CB256A28EAEF7E00A7FC76 /* 20221003.swift */; };
		06CB256D28EC570800A7FC76 /* 20221004.swift in Sources */ = {isa = PBXBuildFile; fileRef = 06CB256C28EC570800A7FC76 /* 20221004.swift */; };
		06CEF22B285BF71800A620CC /* 20220617.swift in Sources */ = {isa = PBXBuildFile; fileRef = 06CEF22A285BF71800A620CC /* 20220617.swift */; };
		06CEF22D285D9EE800A620CC /* 20220618.swift in Sources */ = {isa = PBXBuildFile; fileRef = 06CEF22C285D9EE800A620CC /* 20220618.swift */; };
		06CEF22F28600FC700A620CC /* 20220620.swift in Sources */ = {isa = PBXBuildFile; fileRef = 06CEF22E28600FC700A620CC /* 20220620.swift */; };
		06CEF231286164D200A620CC /* 20220621.swift in Sources */ = {isa = PBXBuildFile; fileRef = 06CEF230286164D200A620CC /* 20220621.swift */; };
		06CEF2332862A21600A620CC /* 20220622.swift in Sources */ = {isa = PBXBuildFile; fileRef = 06CEF2322862A21600A620CC /* 20220622.swift */; };
		06CEF2352863E11600A620CC /* 20220623.swift in Sources */ = {isa = PBXBuildFile; fileRef = 06CEF2342863E11600A620CC /* 20220623.swift */; };
		06CEF23728653B1900A620CC /* 20220624.swift in Sources */ = {isa = PBXBuildFile; fileRef = 06CEF23628653B1900A620CC /* 20220624.swift */; };
		06CEF2392866DCF400A620CC /* 20220625.swift in Sources */ = {isa = PBXBuildFile; fileRef = 06CEF2382866DCF400A620CC /* 20220625.swift */; };
		06D0ABFC281F564600189EFC /* main.swift in Sources */ = {isa = PBXBuildFile; fileRef = 06D0ABFB281F564600189EFC /* main.swift */; };
		06D0AC042820978200189EFC /* 20220502.swift in Sources */ = {isa = PBXBuildFile; fileRef = 06D0AC032820978200189EFC /* 20220502.swift */; };
		06D0AC062820EA4500189EFC /* 20220503.swift in Sources */ = {isa = PBXBuildFile; fileRef = 06D0AC052820EA4500189EFC /* 20220503.swift */; };
		06D0AC082821F6E900189EFC /* 20220504.swift in Sources */ = {isa = PBXBuildFile; fileRef = 06D0AC072821F6E900189EFC /* 20220504.swift */; };
		06D0AC0A2826AB7E00189EFC /* 20220507.swift in Sources */ = {isa = PBXBuildFile; fileRef = 06D0AC092826AB7E00189EFC /* 20220507.swift */; };
		06D0AC0C2826C50C00189EFC /* 20220508.swift in Sources */ = {isa = PBXBuildFile; fileRef = 06D0AC0B2826C50C00189EFC /* 20220508.swift */; };
		06D0AC12282FECC300189EFC /* 20220514.swift in Sources */ = {isa = PBXBuildFile; fileRef = 06D0AC11282FECC300189EFC /* 20220514.swift */; };
		06DCB31C28FCDDE6005BD161 /* 20221014.swift in Sources */ = {isa = PBXBuildFile; fileRef = 06DCB31B28FCDDE6005BD161 /* 20221014.swift */; };
		06DCB32028FE3760005BD161 /* 20221018.swift in Sources */ = {isa = PBXBuildFile; fileRef = 06DCB31F28FE3760005BD161 /* 20221018.swift */; };
		06DCB3222902B8BC005BD161 /* 20221021.swift in Sources */ = {isa = PBXBuildFile; fileRef = 06DCB3212902B8BC005BD161 /* 20221021.swift */; };
		06E3EDCE29C4A2B000C4F5F2 /* 20230317.swift in Sources */ = {isa = PBXBuildFile; fileRef = 06E3EDCD29C4A2B000C4F5F2 /* 20230317.swift */; };
		06E45F1D287E425100F7D05A /* 20220713.swift in Sources */ = {isa = PBXBuildFile; fileRef = 06E45F1C287E425100F7D05A /* 20220713.swift */; };
		06F6E3BD290697CF00F68357 /* 20221024.swift in Sources */ = {isa = PBXBuildFile; fileRef = 06F6E3BC290697CF00F68357 /* 20221024.swift */; };
		06F6E3BF2908151000F68357 /* 20221025.swift in Sources */ = {isa = PBXBuildFile; fileRef = 06F6E3BE2908151000F68357 /* 20221025.swift */; };
		06F6E3C12909793A00F68357 /* 20221026.swift in Sources */ = {isa = PBXBuildFile; fileRef = 06F6E3C02909793A00F68357 /* 20221026.swift */; };
		06F6E3C3290AC89700F68357 /* 20221027.swift in Sources */ = {isa = PBXBuildFile; fileRef = 06F6E3C2290AC89700F68357 /* 20221027.swift */; };
		06F6E3C5290C0A1A00F68357 /* 20221028.swift in Sources */ = {isa = PBXBuildFile; fileRef = 06F6E3C4290C0A1A00F68357 /* 20221028.swift */; };
		06F6E3C729100D1A00F68357 /* 20221031.swift in Sources */ = {isa = PBXBuildFile; fileRef = 06F6E3C629100D1A00F68357 /* 20221031.swift */; };
		06F6E3CA29115A4500F68357 /* 20221101.swift in Sources */ = {isa = PBXBuildFile; fileRef = 06F6E3C929115A4500F68357 /* 20221101.swift */; };
		06F6E3CC2912ACD700F68357 /* 20221102.swift in Sources */ = {isa = PBXBuildFile; fileRef = 06F6E3CB2912ACD700F68357 /* 20221102.swift */; };
		06F6E3CE2913F29F00F68357 /* 20221103.swift in Sources */ = {isa = PBXBuildFile; fileRef = 06F6E3CD2913F29F00F68357 /* 20221103.swift */; };
		5A063C96282495470045EC3F /* 20220506.swift in Sources */ = {isa = PBXBuildFile; fileRef = 5A063C95282495470045EC3F /* 20220506.swift */; };
		5A2CFC04282DCE3D0086EA17 /* 20220513.swift in Sources */ = {isa = PBXBuildFile; fileRef = 5A2CFC03282DCE3D0086EA17 /* 20220513.swift */; };
		5AAD6EEA282C91320000AF05 /* 20220512.swift in Sources */ = {isa = PBXBuildFile; fileRef = 5AAD6EE9282C91320000AF05 /* 20220512.swift */; };
		5AB24273283C4D1200DDB88A /* 20220524.swift in Sources */ = {isa = PBXBuildFile; fileRef = 5AB24272283C4D1200DDB88A /* 20220524.swift */; };
		5AB4099B282B2DBA00926816 /* 20220511.swift in Sources */ = {isa = PBXBuildFile; fileRef = 5AB4099A282B2DBA00926816 /* 20220511.swift */; };
		5AB647DE28370C340086DB14 /* 20220520.swift in Sources */ = {isa = PBXBuildFile; fileRef = 5AB647DD28370C340086DB14 /* 20220520.swift */; };
		5AB697CA28288F76003268C6 /* 20220509.swift in Sources */ = {isa = PBXBuildFile; fileRef = 5AB697C928288F76003268C6 /* 20220509.swift */; };
		5AB6D562283476BC001C9043 /* 20220518.swift in Sources */ = {isa = PBXBuildFile; fileRef = 5AB6D561283476BC001C9043 /* 20220518.swift */; };
		5AB86F9B28331F890053E5D0 /* 20220517.swift in Sources */ = {isa = PBXBuildFile; fileRef = 5AB86F9A28331F890053E5D0 /* 20220517.swift */; };
		5AB86F9D28331FB90053E5D0 /* 20220516.swift in Sources */ = {isa = PBXBuildFile; fileRef = 5AB86F9C28331FB90053E5D0 /* 20220516.swift */; };
		5AB988052831C4800052DBB8 /* 20220515.swift in Sources */ = {isa = PBXBuildFile; fileRef = 5AB988042831C4800052DBB8 /* 20220515.swift */; };
		5AB9AE15283AFC63001FE338 /* 20220523.swift in Sources */ = {isa = PBXBuildFile; fileRef = 5AB9AE14283AFC63001FE338 /* 20220523.swift */; };
		5ABD62E32829E9E70021BF3E /* 20220510.swift in Sources */ = {isa = PBXBuildFile; fileRef = 5ABD62E22829E9E70021BF3E /* 20220510.swift */; };
/* End PBXBuildFile section */

/* Begin PBXCopyFilesBuildPhase section */
		06D0ABF6281F564600189EFC /* CopyFiles */ = {
			isa = PBXCopyFilesBuildPhase;
			buildActionMask = 2147483647;
			dstPath = /usr/share/man/man1/;
			dstSubfolderSpec = 0;
			files = (
			);
			runOnlyForDeploymentPostprocessing = 1;
		};
/* End PBXCopyFilesBuildPhase section */

/* Begin PBXFileReference section */
		0607470E287F990F008FEB25 /* 20220714.swift */ = {isa = PBXFileReference; lastKnownFileType = sourcecode.swift; path = 20220714.swift; sourceTree = "<group>"; };
		060747102880EB28008FEB25 /* 20220715.swift */ = {isa = PBXFileReference; lastKnownFileType = sourcecode.swift; path = 20220715.swift; sourceTree = "<group>"; };
		060747122882F985008FEB25 /* 20220716.swift */ = {isa = PBXFileReference; lastKnownFileType = sourcecode.swift; path = 20220716.swift; sourceTree = "<group>"; };
		060747142883A9D8008FEB25 /* 20220718.swift */ = {isa = PBXFileReference; lastKnownFileType = sourcecode.swift; path = 20220718.swift; sourceTree = "<group>"; };
		060747162883C08A008FEB25 /* 20220719.swift */ = {isa = PBXFileReference; lastKnownFileType = sourcecode.swift; path = 20220719.swift; sourceTree = "<group>"; };
		0607471828863CE9008FEB25 /* 20220720.swift */ = {isa = PBXFileReference; lastKnownFileType = sourcecode.swift; path = 20220720.swift; sourceTree = "<group>"; };
		0607471A288AEE09008FEB25 /* 20220722.swift */ = {isa = PBXFileReference; lastKnownFileType = sourcecode.swift; path = 20220722.swift; sourceTree = "<group>"; };
		060CA14E28DC9E0600A24E2F /* 20220922.swift */ = {isa = PBXFileReference; lastKnownFileType = sourcecode.swift; path = 20220922.swift; sourceTree = "<group>"; };
		060CA15028DDF7F100A24E2F /* 20220923.swift */ = {isa = PBXFileReference; lastKnownFileType = sourcecode.swift; path = 20220923.swift; sourceTree = "<group>"; };
		060CA15228E0038F00A24E2F /* 20220925.swift */ = {isa = PBXFileReference; lastKnownFileType = sourcecode.swift; path = 20220925.swift; sourceTree = "<group>"; };
		060F07D2288ED07900BE4457 /* 20220725.swift */ = {isa = PBXFileReference; lastKnownFileType = sourcecode.swift; path = 20220725.swift; sourceTree = "<group>"; };
		060F07D4289022B600BE4457 /* 20220726.swift */ = {isa = PBXFileReference; lastKnownFileType = sourcecode.swift; path = 20220726.swift; sourceTree = "<group>"; };
		060F07D628917F2300BE4457 /* 20220727.swift */ = {isa = PBXFileReference; lastKnownFileType = sourcecode.swift; path = 20220727.swift; sourceTree = "<group>"; };
		060F07D82892D44800BE4457 /* 20220728.swift */ = {isa = PBXFileReference; lastKnownFileType = sourcecode.swift; path = 20220728.swift; sourceTree = "<group>"; };
		060F07DA2894139100BE4457 /* 20220729.swift */ = {isa = PBXFileReference; lastKnownFileType = sourcecode.swift; path = 20220729.swift; sourceTree = "<group>"; };
		061AA80328B7B5450061D6D9 /* 20220825.swift */ = {isa = PBXFileReference; lastKnownFileType = sourcecode.swift; path = 20220825.swift; sourceTree = "<group>"; };
		061AA80528B901950061D6D9 /* 20220826.swift */ = {isa = PBXFileReference; lastKnownFileType = sourcecode.swift; path = 20220826.swift; sourceTree = "<group>"; };
		061AA80728BA3A540061D6D9 /* 20220827.swift */ = {isa = PBXFileReference; lastKnownFileType = sourcecode.swift; path = 20220827.swift; sourceTree = "<group>"; };
		061AA80928BD07410061D6D9 /* 20220829.swift */ = {isa = PBXFileReference; lastKnownFileType = sourcecode.swift; path = 20220829.swift; sourceTree = "<group>"; };
		061AA80B28BFA3690061D6D9 /* 20220831.swift */ = {isa = PBXFileReference; lastKnownFileType = sourcecode.swift; path = 20220831.swift; sourceTree = "<group>"; };
		061AA80D28BFA3880061D6D9 /* 20220830.swift */ = {isa = PBXFileReference; lastKnownFileType = sourcecode.swift; path = 20220830.swift; sourceTree = "<group>"; };
		061AA81028C0F3530061D6D9 /* 20220901.swift */ = {isa = PBXFileReference; lastKnownFileType = sourcecode.swift; path = 20220901.swift; sourceTree = "<group>"; };
		063B34A7286921280038534B /* 20220627.swift */ = {isa = PBXFileReference; lastKnownFileType = sourcecode.swift; path = 20220627.swift; sourceTree = "<group>"; };
		063B34A9286A7B6B0038534B /* 20220628.swift */ = {isa = PBXFileReference; lastKnownFileType = sourcecode.swift; path = 20220628.swift; sourceTree = "<group>"; };
		063B34AB286BEBE80038534B /* 20220629.swift */ = {isa = PBXFileReference; lastKnownFileType = sourcecode.swift; path = 20220629.swift; sourceTree = "<group>"; };
		064752A229B786F60047E84A /* 20230307.swift */ = {isa = PBXFileReference; lastKnownFileType = sourcecode.swift; path = 20230307.swift; sourceTree = "<group>"; };
		064752A429BA1D270047E84A /* 20230309.swift */ = {isa = PBXFileReference; lastKnownFileType = sourcecode.swift; path = 20230309.swift; sourceTree = "<group>"; };
		0647BF8D28F062B600CD57F9 /* 20221007.swift */ = {isa = PBXFileReference; lastKnownFileType = sourcecode.swift; path = 20221007.swift; sourceTree = "<group>"; };
		0647BF9128F5AA0500CD57F9 /* 20221011.swift */ = {isa = PBXFileReference; lastKnownFileType = sourcecode.swift; path = 20221011.swift; sourceTree = "<group>"; };
		0647BF9328F700C700CD57F9 /* 20221012.swift */ = {isa = PBXFileReference; lastKnownFileType = sourcecode.swift; path = 20221012.swift; sourceTree = "<group>"; };
		0647BF9528F850BD00CD57F9 /* 20221013.swift */ = {isa = PBXFileReference; lastKnownFileType = sourcecode.swift; path = 20221013.swift; sourceTree = "<group>"; };
		064A7AD82856B7870044EDEE /* 20220613.swift */ = {isa = PBXFileReference; lastKnownFileType = sourcecode.swift; path = 20220613.swift; sourceTree = "<group>"; };
		064A7ADA285959650044EDEE /* 20220614.swift */ = {isa = PBXFileReference; lastKnownFileType = sourcecode.swift; path = 20220614.swift; sourceTree = "<group>"; };
		064A7ADC285959710044EDEE /* 20220615.swift */ = {isa = PBXFileReference; lastKnownFileType = sourcecode.swift; path = 20220615.swift; sourceTree = "<group>"; };
		064A7ADE285AB9B90044EDEE /* 20220616.swift */ = {isa = PBXFileReference; lastKnownFileType = sourcecode.swift; path = 20220616.swift; sourceTree = "<group>"; };
		064E117B297593B900AB935F /* 20230116  .swift */ = {isa = PBXFileReference; lastKnownFileType = sourcecode.swift; path = "20230116  .swift"; sourceTree = "<group>"; };
		064E117D2976DB7C00AB935F /* 20230117.swift */ = {isa = PBXFileReference; lastKnownFileType = sourcecode.swift; path = 20230117.swift; sourceTree = "<group>"; };
		064E117F2978375000AB935F /* 20230118.swift */ = {isa = PBXFileReference; lastKnownFileType = sourcecode.swift; path = 20230118.swift; sourceTree = "<group>"; };
		064E118129798AC500AB935F /* 20230119.swift */ = {isa = PBXFileReference; lastKnownFileType = sourcecode.swift; path = 20230119.swift; sourceTree = "<group>"; };
		065A4110286D2E8C004E85F9 /* 20220630.swift */ = {isa = PBXFileReference; lastKnownFileType = sourcecode.swift; path = 20220630.swift; sourceTree = "<group>"; };
		065A4113286E8364004E85F9 /* 20220701.swift */ = {isa = PBXFileReference; lastKnownFileType = sourcecode.swift; path = 20220701.swift; sourceTree = "<group>"; };
		065A4115287029FE004E85F9 /* 20220702.swift */ = {isa = PBXFileReference; lastKnownFileType = sourcecode.swift; path = 20220702.swift; sourceTree = "<group>"; };
		065A4117287263E5004E85F9 /* 20220704.swift */ = {isa = PBXFileReference; lastKnownFileType = sourcecode.swift; path = 20220704.swift; sourceTree = "<group>"; };
		065A4119287411E4004E85F9 /* 20220705.swift */ = {isa = PBXFileReference; lastKnownFileType = sourcecode.swift; path = 20220705.swift; sourceTree = "<group>"; };
		065A411B28751968004E85F9 /* 20220706.swift */ = {isa = PBXFileReference; lastKnownFileType = sourcecode.swift; path = 20220706.swift; sourceTree = "<group>"; };
		065A411D2876BF77004E85F9 /* 20220707.swift */ = {isa = PBXFileReference; lastKnownFileType = sourcecode.swift; path = 20220707.swift; sourceTree = "<group>"; };
		065A411F2877A309004E85F9 /* 20220708.swift */ = {isa = PBXFileReference; lastKnownFileType = sourcecode.swift; path = 20220708.swift; sourceTree = "<group>"; };
		065A4123287A6F0E004E85F9 /* 20220709.swift */ = {isa = PBXFileReference; lastKnownFileType = sourcecode.swift; path = 20220709.swift; sourceTree = "<group>"; };
		065A4125287B98F6004E85F9 /* 20220711.swift */ = {isa = PBXFileReference; lastKnownFileType = sourcecode.swift; path = 20220711.swift; sourceTree = "<group>"; };
		065A4127287CF3B2004E85F9 /* 20220712.swift */ = {isa = PBXFileReference; lastKnownFileType = sourcecode.swift; path = 20220712.swift; sourceTree = "<group>"; };
		065D3F7D29154E7400098FD4 /* 20221104.swift */ = {isa = PBXFileReference; lastKnownFileType = sourcecode.swift; path = 20221104.swift; sourceTree = "<group>"; };
		065D3F7F2919496F00098FD4 /* 20221107.swift */ = {isa = PBXFileReference; lastKnownFileType = sourcecode.swift; path = 20221107.swift; sourceTree = "<group>"; };
		065D3F81291A8DA200098FD4 /* 20221108.swift */ = {isa = PBXFileReference; lastKnownFileType = sourcecode.swift; path = 20221108.swift; sourceTree = "<group>"; };
		065D3F83291BF08F00098FD4 /* 20221109.swift */ = {isa = PBXFileReference; lastKnownFileType = sourcecode.swift; path = 20221109.swift; sourceTree = "<group>"; };
		065D3F85291D429300098FD4 /* 20221110.swift */ = {isa = PBXFileReference; lastKnownFileType = sourcecode.swift; path = 20221110.swift; sourceTree = "<group>"; };
		065D3F87291E927B00098FD4 /* 20221111.swift */ = {isa = PBXFileReference; lastKnownFileType = sourcecode.swift; path = 20221111.swift; sourceTree = "<group>"; };
		065D3F892923DDD100098FD4 /* 20221115.swift */ = {isa = PBXFileReference; lastKnownFileType = sourcecode.swift; path = 20221115.swift; sourceTree = "<group>"; };
		065D3F8B292524C700098FD4 /* 20221116.swift */ = {isa = PBXFileReference; lastKnownFileType = sourcecode.swift; path = 20221116.swift; sourceTree = "<group>"; };
		065D3F8D29267CFE00098FD4 /* 20221117.swift */ = {isa = PBXFileReference; lastKnownFileType = sourcecode.swift; path = 20221117.swift; sourceTree = "<group>"; };
		065D3F8F292D0CCF00098FD4 /* 20221118.swift */ = {isa = PBXFileReference; lastKnownFileType = sourcecode.swift; path = 20221118.swift; sourceTree = "<group>"; };
		065D3F912934F22400098FD4 /* 20221124.swift */ = {isa = PBXFileReference; lastKnownFileType = sourcecode.swift; path = 20221124.swift; sourceTree = "<group>"; };
		065D3F93293645C000098FD4 /* 20221125.swift */ = {isa = PBXFileReference; lastKnownFileType = sourcecode.swift; path = 20221125.swift; sourceTree = "<group>"; };
		065D3F952937A4A400098FD4 /* 20221128.swift */ = {isa = PBXFileReference; lastKnownFileType = sourcecode.swift; path = 20221128.swift; sourceTree = "<group>"; };
		065D3F972938F71800098FD4 /* 20221129.swift */ = {isa = PBXFileReference; lastKnownFileType = sourcecode.swift; path = 20221129.swift; sourceTree = "<group>"; };
		065D3F99293A429A00098FD4 /* 20221130.swift */ = {isa = PBXFileReference; lastKnownFileType = sourcecode.swift; path = 20221130.swift; sourceTree = "<group>"; };
		065D3F9C293B940200098FD4 /* 20221201.swift */ = {isa = PBXFileReference; lastKnownFileType = sourcecode.swift; path = 20221201.swift; sourceTree = "<group>"; };
		065D3F9E293F755000098FD4 /* 20221206.swift */ = {isa = PBXFileReference; lastKnownFileType = sourcecode.swift; path = 20221206.swift; sourceTree = "<group>"; };
		065D3FA0294225F500098FD4 /* 20221207.swift */ = {isa = PBXFileReference; lastKnownFileType = sourcecode.swift; path = 20221207.swift; sourceTree = "<group>"; };
		065D3FA229437C9600098FD4 /* 20221208.swift */ = {isa = PBXFileReference; lastKnownFileType = sourcecode.swift; path = 20221208.swift; sourceTree = "<group>"; };
		065D3FA42944C5B700098FD4 /* 20221209.swift */ = {isa = PBXFileReference; lastKnownFileType = sourcecode.swift; path = 20221209.swift; sourceTree = "<group>"; };
		065D3FA62947640500098FD4 /* 20221212.swift */ = {isa = PBXFileReference; lastKnownFileType = sourcecode.swift; path = 20221212.swift; sourceTree = "<group>"; };
		065D3FA82948AD3800098FD4 /* 20221213.swift */ = {isa = PBXFileReference; lastKnownFileType = sourcecode.swift; path = 20221213.swift; sourceTree = "<group>"; };
		066FC44F2836419B0046DA95 /* 20220519.swift */ = {isa = PBXFileReference; lastKnownFileType = sourcecode.swift; path = 20220519.swift; sourceTree = "<group>"; };
		06791CF42959E665004F05CD /* 20221226.swift */ = {isa = PBXFileReference; lastKnownFileType = sourcecode.swift; path = 20221226.swift; sourceTree = "<group>"; };
		06791CFC295B30C6004F05CD /* 20221227.swift */ = {isa = PBXFileReference; lastKnownFileType = sourcecode.swift; path = 20221227.swift; sourceTree = "<group>"; };
		06791D00295C86C3004F05CD /* 20221228.swift */ = {isa = PBXFileReference; lastKnownFileType = sourcecode.swift; path = 20221228.swift; sourceTree = "<group>"; };
		06791D0E295DD633004F05CD /* 20221229.swift */ = {isa = PBXFileReference; lastKnownFileType = sourcecode.swift; path = 20221229.swift; sourceTree = "<group>"; };
		06791D10295F250B004F05CD /* 20221230.swift */ = {isa = PBXFileReference; lastKnownFileType = sourcecode.swift; path = 20221230.swift; sourceTree = "<group>"; };
		06791D132963209B004F05CD /* 20230102.swift */ = {isa = PBXFileReference; lastKnownFileType = sourcecode.swift; path = 20230102.swift; sourceTree = "<group>"; };
		06791D1529647170004F05CD /* 20230103.swift */ = {isa = PBXFileReference; lastKnownFileType = sourcecode.swift; path = 20230103.swift; sourceTree = "<group>"; };
		06791D17296718BE004F05CD /* 20230105.swift */ = {isa = PBXFileReference; lastKnownFileType = sourcecode.swift; path = 20230105.swift; sourceTree = "<group>"; };
		06791D19296DACFB004F05CD /* 20230110.swift */ = {isa = PBXFileReference; lastKnownFileType = sourcecode.swift; path = 20230110.swift; sourceTree = "<group>"; };
		06791D1B296EFE61004F05CD /* 20230111.swift */ = {isa = PBXFileReference; lastKnownFileType = sourcecode.swift; path = 20230111.swift; sourceTree = "<group>"; };
		06791D1D29703233004F05CD /* 20230112.swift */ = {isa = PBXFileReference; lastKnownFileType = sourcecode.swift; path = 20230112.swift; sourceTree = "<group>"; };
		06791D1F2971A4CC004F05CD /* 20230113.swift */ = {isa = PBXFileReference; lastKnownFileType = sourcecode.swift; path = 20230113.swift; sourceTree = "<group>"; };
		0685CF5D284C6523002F770D /* 20220605.swift */ = {isa = PBXFileReference; lastKnownFileType = sourcecode.swift; path = 20220605.swift; sourceTree = "<group>"; };
		0685CF5F284DD543002F770D /* 20220606.swift */ = {isa = PBXFileReference; lastKnownFileType = sourcecode.swift; path = 20220606.swift; sourceTree = "<group>"; };
		0685CF61284EE20F002F770D /* 20220607.swift */ = {isa = PBXFileReference; lastKnownFileType = sourcecode.swift; path = 20220607.swift; sourceTree = "<group>"; };
		0685CF632850178C002F770D /* 20220608.swift */ = {isa = PBXFileReference; lastKnownFileType = sourcecode.swift; path = 20220608.swift; sourceTree = "<group>"; };
		0685CF65285182AA002F770D /* 20220609.swift */ = {isa = PBXFileReference; lastKnownFileType = sourcecode.swift; path = 20220609.swift; sourceTree = "<group>"; };
		0685CF672852C2F0002F770D /* 20220610.swift */ = {isa = PBXFileReference; lastKnownFileType = sourcecode.swift; path = 20220610.swift; sourceTree = "<group>"; };
		0685CF6928546B5F002F770D /* 20220611.swift */ = {isa = PBXFileReference; lastKnownFileType = sourcecode.swift; path = 20220611.swift; sourceTree = "<group>"; };
		0685CF6B28558885002F770D /* README.md */ = {isa = PBXFileReference; lastKnownFileType = net.daringfireball.markdown; path = README.md; sourceTree = "<group>"; };
		0685CF6C28559BC6002F770D /* 20220612.swift */ = {isa = PBXFileReference; lastKnownFileType = sourcecode.swift; path = 20220612.swift; sourceTree = "<group>"; };
		0687362E28C24284007A0780 /* 20220902.swift */ = {isa = PBXFileReference; lastKnownFileType = sourcecode.swift; path = 20220902.swift; sourceTree = "<group>"; };
		0687363128C3435E007A0780 /* 20220903.swift */ = {isa = PBXFileReference; lastKnownFileType = sourcecode.swift; path = 20220903.swift; sourceTree = "<group>"; };
		0687363328C637DE007A0780 /* 20220905.swift */ = {isa = PBXFileReference; lastKnownFileType = sourcecode.swift; path = 20220905.swift; sourceTree = "<group>"; };
		0687363528C787F0007A0780 /* 20220906.swift */ = {isa = PBXFileReference; lastKnownFileType = sourcecode.swift; path = 20220906.swift; sourceTree = "<group>"; };
		0687363728C8DE84007A0780 /* 20220907.swift */ = {isa = PBXFileReference; lastKnownFileType = sourcecode.swift; path = 20220907.swift; sourceTree = "<group>"; };
		0688A1C929B0C3820057B2DB /* 20230302.swift */ = {isa = PBXFileReference; lastKnownFileType = sourcecode.swift; path = 20230302.swift; sourceTree = "<group>"; };
		068D4CFD28B3B6C400F44F6E /* 20220822.swift */ = {isa = PBXFileReference; lastKnownFileType = sourcecode.swift; path = 20220822.swift; sourceTree = "<group>"; };
		068D4CFF28B50D6D00F44F6E /* 20220823.swift */ = {isa = PBXFileReference; lastKnownFileType = sourcecode.swift; path = 20220823.swift; sourceTree = "<group>"; };
		068D4D0128B667BD00F44F6E /* 20220824.swift */ = {isa = PBXFileReference; lastKnownFileType = sourcecode.swift; path = 20220824.swift; sourceTree = "<group>"; };
		068F2EC429C0AFD8009A2158 /* 20230314.swift */ = {isa = PBXFileReference; lastKnownFileType = sourcecode.swift; path = 20230314.swift; sourceTree = "<group>"; };
		068F2EC629C201FD009A2158 /* 20230315.swift */ = {isa = PBXFileReference; lastKnownFileType = sourcecode.swift; path = 20230315.swift; sourceTree = "<group>"; };
		068F2EC829C33501009A2158 /* 20230316.swift */ = {isa = PBXFileReference; lastKnownFileType = sourcecode.swift; path = 20230316.swift; sourceTree = "<group>"; };
		0697714E28CA2F8000569280 /* 20220908.swift */ = {isa = PBXFileReference; lastKnownFileType = sourcecode.swift; path = 20220908.swift; sourceTree = "<group>"; };
		0697716628D0B09400569280 /* 20220913.swift */ = {isa = PBXFileReference; lastKnownFileType = sourcecode.swift; path = 20220913.swift; sourceTree = "<group>"; };
		0697716828D21F3C00569280 /* 20220914.swift */ = {isa = PBXFileReference; lastKnownFileType = sourcecode.swift; path = 20220914.swift; sourceTree = "<group>"; };
		0697716A28D5EE5400569280 /* 20220915.swift */ = {isa = PBXFileReference; lastKnownFileType = sourcecode.swift; path = 20220915.swift; sourceTree = "<group>"; };
		06A32A9B283DA85A0044ED0C /* 20220525.swift */ = {isa = PBXFileReference; lastKnownFileType = sourcecode.swift; path = 20220525.swift; sourceTree = "<group>"; };
		06A32A9D283EFE390044ED0C /* 20220526.swift */ = {isa = PBXFileReference; lastKnownFileType = sourcecode.swift; path = 20220526.swift; sourceTree = "<group>"; };
		06A32A9F2841A3F10044ED0C /* 20220527.swift */ = {isa = PBXFileReference; lastKnownFileType = sourcecode.swift; path = 20220527.swift; sourceTree = "<group>"; };
		06A32AA128426A140044ED0C /* 20220528.swift */ = {isa = PBXFileReference; lastKnownFileType = sourcecode.swift; path = 20220528.swift; sourceTree = "<group>"; };
		06A32AA3284271AC0044ED0C /* 20220529.swift */ = {isa = PBXFileReference; lastKnownFileType = sourcecode.swift; path = 20220529.swift; sourceTree = "<group>"; };
		06A32AA528443BC20044ED0C /* 20220530.swift */ = {isa = PBXFileReference; lastKnownFileType = sourcecode.swift; path = 20220530.swift; sourceTree = "<group>"; };
		06A32AA7284589110044ED0C /* 20220531.swift */ = {isa = PBXFileReference; lastKnownFileType = sourcecode.swift; path = 20220531.swift; sourceTree = "<group>"; };
		06A32AA928479B010044ED0C /* 20220601.swift */ = {isa = PBXFileReference; lastKnownFileType = sourcecode.swift; path = 20220601.swift; sourceTree = "<group>"; };
		06A32AAB28482E9C0044ED0C /* 20220602.swift */ = {isa = PBXFileReference; lastKnownFileType = sourcecode.swift; path = 20220602.swift; sourceTree = "<group>"; };
		06A32AAD28497CAE0044ED0C /* 20220603.swift */ = {isa = PBXFileReference; lastKnownFileType = sourcecode.swift; path = 20220603.swift; sourceTree = "<group>"; };
		06A564D928A14BB500DBC2E0 /* 20220808.swift */ = {isa = PBXFileReference; lastKnownFileType = sourcecode.swift; path = 20220808.swift; sourceTree = "<group>"; };
		06A564DB28A295AF00DBC2E0 /* 20220809.swift */ = {isa = PBXFileReference; lastKnownFileType = sourcecode.swift; path = 20220809.swift; sourceTree = "<group>"; };
		06A564DD28A3F4B900DBC2E0 /* 20220810.swift */ = {isa = PBXFileReference; lastKnownFileType = sourcecode.swift; path = 20220810.swift; sourceTree = "<group>"; };
		06A564DF28A546A700DBC2E0 /* 20220811.swift */ = {isa = PBXFileReference; lastKnownFileType = sourcecode.swift; path = 20220811.swift; sourceTree = "<group>"; };
		06A564E128A699BC00DBC2E0 /* 20220812.swift */ = {isa = PBXFileReference; lastKnownFileType = sourcecode.swift; path = 20220812.swift; sourceTree = "<group>"; };
		06A564E328A8BAD900DBC2E0 /* 20220815.swift */ = {isa = PBXFileReference; lastKnownFileType = sourcecode.swift; path = 20220815.swift; sourceTree = "<group>"; };
		06B956BD28950DBC00479DD8 /* 20220730.swift */ = {isa = PBXFileReference; lastKnownFileType = sourcecode.swift; path = 20220730.swift; sourceTree = "<group>"; };
		06B956BF2898134B00479DD8 /* 20220801.swift */ = {isa = PBXFileReference; lastKnownFileType = sourcecode.swift; path = 20220801.swift; sourceTree = "<group>"; };
		06B956C22899504200479DD8 /* 20220802.swift */ = {isa = PBXFileReference; lastKnownFileType = sourcecode.swift; path = 20220802.swift; sourceTree = "<group>"; };
		06B956C4289ABEE300479DD8 /* 20220803.swift */ = {isa = PBXFileReference; lastKnownFileType = sourcecode.swift; path = 20220803.swift; sourceTree = "<group>"; };
		06B956C6289BF00F00479DD8 /* 20220804.swift */ = {isa = PBXFileReference; lastKnownFileType = sourcecode.swift; path = 20220804.swift; sourceTree = "<group>"; };
		06B956C8289D5DD200479DD8 /* 20220805.swift */ = {isa = PBXFileReference; lastKnownFileType = sourcecode.swift; path = 20220805.swift; sourceTree = "<group>"; };
		06B956CA289E437900479DD8 /* 20220806.swift */ = {isa = PBXFileReference; lastKnownFileType = sourcecode.swift; path = 20220806.swift; sourceTree = "<group>"; };
		06BC6065297AD55D00AA67E6 /* 20230120.swift */ = {isa = PBXFileReference; lastKnownFileType = sourcecode.swift; path = 20230120.swift; sourceTree = "<group>"; };
		06BC6067297B826D00AA67E6 /* 20230121.swift */ = {isa = PBXFileReference; lastKnownFileType = sourcecode.swift; path = 20230121.swift; sourceTree = "<group>"; };
		06BC60782982C52A00AA67E6 /* 20230126.swift */ = {isa = PBXFileReference; lastKnownFileType = sourcecode.swift; path = 20230126.swift; sourceTree = "<group>"; };
		06BC607A29841D1500AA67E6 /* 20230127.swift */ = {isa = PBXFileReference; lastKnownFileType = sourcecode.swift; path = 20230127.swift; sourceTree = "<group>"; };
		06BC607C2986B3C700AA67E6 /* 20230129.swift */ = {isa = PBXFileReference; lastKnownFileType = sourcecode.swift; path = 20230129.swift; sourceTree = "<group>"; };
		06BC607F299A80E200AA67E6 /* 20230213.swift */ = {isa = PBXFileReference; lastKnownFileType = sourcecode.swift; path = 20230213.swift; sourceTree = "<group>"; };
		06BC6081299BD54E00AA67E6 /* 20230214.swift */ = {isa = PBXFileReference; lastKnownFileType = sourcecode.swift; path = 20230214.swift; sourceTree = "<group>"; };
		06BC6083299D1F1600AA67E6 /* 20230215.swift */ = {isa = PBXFileReference; lastKnownFileType = sourcecode.swift; path = 20230215.swift; sourceTree = "<group>"; };
		06BC6085299E794A00AA67E6 /* 20230216.swift */ = {isa = PBXFileReference; lastKnownFileType = sourcecode.swift; path = 20230216.swift; sourceTree = "<group>"; };
		06BC6087299FBDAF00AA67E6 /* 20230217.swift */ = {isa = PBXFileReference; lastKnownFileType = sourcecode.swift; path = 20230217.swift; sourceTree = "<group>"; };
		06BC608D29A35FEF00AA67E6 /* 20230220.swift */ = {isa = PBXFileReference; lastKnownFileType = sourcecode.swift; path = 20230220.swift; sourceTree = "<group>"; };
		06BC608F29A6606A00AA67E6 /* 20230222.swift */ = {isa = PBXFileReference; lastKnownFileType = sourcecode.swift; path = 20230222.swift; sourceTree = "<group>"; };
		06BC609129A7A31D00AA67E6 /* 20230223.swift */ = {isa = PBXFileReference; lastKnownFileType = sourcecode.swift; path = 20230223.swift; sourceTree = "<group>"; };
		06BC609329A907DE00AA67E6 /* 20230224.swift */ = {isa = PBXFileReference; lastKnownFileType = sourcecode.swift; path = 20230224.swift; sourceTree = "<group>"; };
		06BC609529ACE33800AA67E6 /* 20230227.swift */ = {isa = PBXFileReference; lastKnownFileType = sourcecode.swift; path = 20230227.swift; sourceTree = "<group>"; };
		06BC609729AE39C300AA67E6 /* 20230228.swift */ = {isa = PBXFileReference; lastKnownFileType = sourcecode.swift; path = 20230228.swift; sourceTree = "<group>"; };
		06C8579B28ABC998003E7A22 /* 20220816.swift */ = {isa = PBXFileReference; lastKnownFileType = sourcecode.swift; path = 20220816.swift; sourceTree = "<group>"; };
		06C8579D28AD2370003E7A22 /* 20220817.swift */ = {isa = PBXFileReference; lastKnownFileType = sourcecode.swift; path = 20220817.swift; sourceTree = "<group>"; };
		06C8579F28AE7B8D003E7A22 /* 20220818.swift */ = {isa = PBXFileReference; lastKnownFileType = sourcecode.swift; path = 20220818.swift; sourceTree = "<group>"; };
		06C857A128AFD3F4003E7A22 /* 20220819.swift */ = {isa = PBXFileReference; lastKnownFileType = sourcecode.swift; path = 20220819.swift; sourceTree = "<group>"; };
		06C857A328B12ABD003E7A22 /* 20220820.swift */ = {isa = PBXFileReference; lastKnownFileType = sourcecode.swift; path = 20220820.swift; sourceTree = "<group>"; };
		06CB255F28E136E600A7FC76 /* 20220926.swift */ = {isa = PBXFileReference; lastKnownFileType = sourcecode.swift; path = 20220926.swift; sourceTree = "<group>"; };
		06CB256128E3309300A7FC76 /* 20220927.swift */ = {isa = PBXFileReference; lastKnownFileType = sourcecode.swift; path = 20220927.swift; sourceTree = "<group>"; };
		06CB256328E4897900A7FC76 /* 20220928.swift */ = {isa = PBXFileReference; lastKnownFileType = sourcecode.swift; path = 20220928.swift; sourceTree = "<group>"; };
		06CB256528E5D68100A7FC76 /* 20220929.swift */ = {isa = PBXFileReference; lastKnownFileType = sourcecode.swift; path = 20220929.swift; sourceTree = "<group>"; };
		06CB256728E7292300A7FC76 /* 20220930.swift */ = {isa = PBXFileReference; lastKnownFileType = sourcecode.swift; path = 20220930.swift; sourceTree = "<group>"; };
		06CB256A28EAEF7E00A7FC76 /* 20221003.swift */ = {isa = PBXFileReference; lastKnownFileType = sourcecode.swift; path = 20221003.swift; sourceTree = "<group>"; };
		06CB256C28EC570800A7FC76 /* 20221004.swift */ = {isa = PBXFileReference; lastKnownFileType = sourcecode.swift; path = 20221004.swift; sourceTree = "<group>"; };
		06CEF22A285BF71800A620CC /* 20220617.swift */ = {isa = PBXFileReference; lastKnownFileType = sourcecode.swift; path = 20220617.swift; sourceTree = "<group>"; };
		06CEF22C285D9EE800A620CC /* 20220618.swift */ = {isa = PBXFileReference; lastKnownFileType = sourcecode.swift; path = 20220618.swift; sourceTree = "<group>"; };
		06CEF22E28600FC700A620CC /* 20220620.swift */ = {isa = PBXFileReference; lastKnownFileType = sourcecode.swift; path = 20220620.swift; sourceTree = "<group>"; };
		06CEF230286164D200A620CC /* 20220621.swift */ = {isa = PBXFileReference; lastKnownFileType = sourcecode.swift; path = 20220621.swift; sourceTree = "<group>"; };
		06CEF2322862A21600A620CC /* 20220622.swift */ = {isa = PBXFileReference; lastKnownFileType = sourcecode.swift; path = 20220622.swift; sourceTree = "<group>"; };
		06CEF2342863E11600A620CC /* 20220623.swift */ = {isa = PBXFileReference; lastKnownFileType = sourcecode.swift; path = 20220623.swift; sourceTree = "<group>"; };
		06CEF23628653B1900A620CC /* 20220624.swift */ = {isa = PBXFileReference; lastKnownFileType = sourcecode.swift; path = 20220624.swift; sourceTree = "<group>"; };
		06CEF2382866DCF400A620CC /* 20220625.swift */ = {isa = PBXFileReference; lastKnownFileType = sourcecode.swift; path = 20220625.swift; sourceTree = "<group>"; };
		06D0ABF8281F564600189EFC /* algorithm_study */ = {isa = PBXFileReference; explicitFileType = "compiled.mach-o.executable"; includeInIndex = 0; path = algorithm_study; sourceTree = BUILT_PRODUCTS_DIR; };
		06D0ABFB281F564600189EFC /* main.swift */ = {isa = PBXFileReference; lastKnownFileType = sourcecode.swift; path = main.swift; sourceTree = "<group>"; };
		06D0AC032820978200189EFC /* 20220502.swift */ = {isa = PBXFileReference; lastKnownFileType = sourcecode.swift; path = 20220502.swift; sourceTree = "<group>"; };
		06D0AC052820EA4500189EFC /* 20220503.swift */ = {isa = PBXFileReference; lastKnownFileType = sourcecode.swift; path = 20220503.swift; sourceTree = "<group>"; };
		06D0AC072821F6E900189EFC /* 20220504.swift */ = {isa = PBXFileReference; lastKnownFileType = sourcecode.swift; path = 20220504.swift; sourceTree = "<group>"; };
		06D0AC092826AB7E00189EFC /* 20220507.swift */ = {isa = PBXFileReference; lastKnownFileType = sourcecode.swift; path = 20220507.swift; sourceTree = "<group>"; };
		06D0AC0B2826C50C00189EFC /* 20220508.swift */ = {isa = PBXFileReference; lastKnownFileType = sourcecode.swift; path = 20220508.swift; sourceTree = "<group>"; };
		06D0AC11282FECC300189EFC /* 20220514.swift */ = {isa = PBXFileReference; lastKnownFileType = sourcecode.swift; path = 20220514.swift; sourceTree = "<group>"; };
		06DCB31B28FCDDE6005BD161 /* 20221014.swift */ = {isa = PBXFileReference; lastKnownFileType = sourcecode.swift; path = 20221014.swift; sourceTree = "<group>"; };
		06DCB31F28FE3760005BD161 /* 20221018.swift */ = {isa = PBXFileReference; lastKnownFileType = sourcecode.swift; path = 20221018.swift; sourceTree = "<group>"; };
		06DCB3212902B8BC005BD161 /* 20221021.swift */ = {isa = PBXFileReference; lastKnownFileType = sourcecode.swift; path = 20221021.swift; sourceTree = "<group>"; };
		06E3EDCD29C4A2B000C4F5F2 /* 20230317.swift */ = {isa = PBXFileReference; lastKnownFileType = sourcecode.swift; path = 20230317.swift; sourceTree = "<group>"; };
		06E45F1C287E425100F7D05A /* 20220713.swift */ = {isa = PBXFileReference; lastKnownFileType = sourcecode.swift; path = 20220713.swift; sourceTree = "<group>"; };
		06F6E3BC290697CF00F68357 /* 20221024.swift */ = {isa = PBXFileReference; lastKnownFileType = sourcecode.swift; path = 20221024.swift; sourceTree = "<group>"; };
		06F6E3BE2908151000F68357 /* 20221025.swift */ = {isa = PBXFileReference; lastKnownFileType = sourcecode.swift; path = 20221025.swift; sourceTree = "<group>"; };
		06F6E3C02909793A00F68357 /* 20221026.swift */ = {isa = PBXFileReference; lastKnownFileType = sourcecode.swift; path = 20221026.swift; sourceTree = "<group>"; };
		06F6E3C2290AC89700F68357 /* 20221027.swift */ = {isa = PBXFileReference; lastKnownFileType = sourcecode.swift; path = 20221027.swift; sourceTree = "<group>"; };
		06F6E3C4290C0A1A00F68357 /* 20221028.swift */ = {isa = PBXFileReference; lastKnownFileType = sourcecode.swift; path = 20221028.swift; sourceTree = "<group>"; };
		06F6E3C629100D1A00F68357 /* 20221031.swift */ = {isa = PBXFileReference; lastKnownFileType = sourcecode.swift; path = 20221031.swift; sourceTree = "<group>"; };
		06F6E3C929115A4500F68357 /* 20221101.swift */ = {isa = PBXFileReference; lastKnownFileType = sourcecode.swift; path = 20221101.swift; sourceTree = "<group>"; };
		06F6E3CB2912ACD700F68357 /* 20221102.swift */ = {isa = PBXFileReference; lastKnownFileType = sourcecode.swift; path = 20221102.swift; sourceTree = "<group>"; };
		06F6E3CD2913F29F00F68357 /* 20221103.swift */ = {isa = PBXFileReference; lastKnownFileType = sourcecode.swift; path = 20221103.swift; sourceTree = "<group>"; };
		5A063C95282495470045EC3F /* 20220506.swift */ = {isa = PBXFileReference; lastKnownFileType = sourcecode.swift; path = 20220506.swift; sourceTree = "<group>"; };
		5A2CFC03282DCE3D0086EA17 /* 20220513.swift */ = {isa = PBXFileReference; lastKnownFileType = sourcecode.swift; path = 20220513.swift; sourceTree = "<group>"; };
		5AAD6EE9282C91320000AF05 /* 20220512.swift */ = {isa = PBXFileReference; lastKnownFileType = sourcecode.swift; path = 20220512.swift; sourceTree = "<group>"; };
		5AB24272283C4D1200DDB88A /* 20220524.swift */ = {isa = PBXFileReference; lastKnownFileType = sourcecode.swift; path = 20220524.swift; sourceTree = "<group>"; };
		5AB4099A282B2DBA00926816 /* 20220511.swift */ = {isa = PBXFileReference; lastKnownFileType = sourcecode.swift; path = 20220511.swift; sourceTree = "<group>"; };
		5AB647DD28370C340086DB14 /* 20220520.swift */ = {isa = PBXFileReference; lastKnownFileType = sourcecode.swift; path = 20220520.swift; sourceTree = "<group>"; };
		5AB697C928288F76003268C6 /* 20220509.swift */ = {isa = PBXFileReference; lastKnownFileType = sourcecode.swift; path = 20220509.swift; sourceTree = "<group>"; };
		5AB6D561283476BC001C9043 /* 20220518.swift */ = {isa = PBXFileReference; lastKnownFileType = sourcecode.swift; path = 20220518.swift; sourceTree = "<group>"; };
		5AB86F9A28331F890053E5D0 /* 20220517.swift */ = {isa = PBXFileReference; lastKnownFileType = sourcecode.swift; path = 20220517.swift; sourceTree = "<group>"; };
		5AB86F9C28331FB90053E5D0 /* 20220516.swift */ = {isa = PBXFileReference; lastKnownFileType = sourcecode.swift; path = 20220516.swift; sourceTree = "<group>"; };
		5AB988042831C4800052DBB8 /* 20220515.swift */ = {isa = PBXFileReference; lastKnownFileType = sourcecode.swift; path = 20220515.swift; sourceTree = "<group>"; };
		5AB9AE14283AFC63001FE338 /* 20220523.swift */ = {isa = PBXFileReference; lastKnownFileType = sourcecode.swift; path = 20220523.swift; sourceTree = "<group>"; };
		5ABD62E22829E9E70021BF3E /* 20220510.swift */ = {isa = PBXFileReference; lastKnownFileType = sourcecode.swift; path = 20220510.swift; sourceTree = "<group>"; };
/* End PBXFileReference section */

/* Begin PBXFrameworksBuildPhase section */
		06D0ABF5281F564600189EFC /* Frameworks */ = {
			isa = PBXFrameworksBuildPhase;
			buildActionMask = 2147483647;
			files = (
			);
			runOnlyForDeploymentPostprocessing = 0;
		};
/* End PBXFrameworksBuildPhase section */

/* Begin PBXGroup section */
		061AA80F28C0F33B0061D6D9 /* 202208 */ = {
			isa = PBXGroup;
			children = (
				06B956BF2898134B00479DD8 /* 20220801.swift */,
				06B956C22899504200479DD8 /* 20220802.swift */,
				06B956C4289ABEE300479DD8 /* 20220803.swift */,
				06B956C6289BF00F00479DD8 /* 20220804.swift */,
				06B956C8289D5DD200479DD8 /* 20220805.swift */,
				06B956CA289E437900479DD8 /* 20220806.swift */,
				06A564D928A14BB500DBC2E0 /* 20220808.swift */,
				06A564DB28A295AF00DBC2E0 /* 20220809.swift */,
				06A564DD28A3F4B900DBC2E0 /* 20220810.swift */,
				06A564DF28A546A700DBC2E0 /* 20220811.swift */,
				06A564E128A699BC00DBC2E0 /* 20220812.swift */,
				06A564E328A8BAD900DBC2E0 /* 20220815.swift */,
				06C8579B28ABC998003E7A22 /* 20220816.swift */,
				06C8579D28AD2370003E7A22 /* 20220817.swift */,
				06C8579F28AE7B8D003E7A22 /* 20220818.swift */,
				06C857A128AFD3F4003E7A22 /* 20220819.swift */,
				06C857A328B12ABD003E7A22 /* 20220820.swift */,
				068D4CFD28B3B6C400F44F6E /* 20220822.swift */,
				068D4CFF28B50D6D00F44F6E /* 20220823.swift */,
				068D4D0128B667BD00F44F6E /* 20220824.swift */,
				061AA80328B7B5450061D6D9 /* 20220825.swift */,
				061AA80528B901950061D6D9 /* 20220826.swift */,
				061AA80728BA3A540061D6D9 /* 20220827.swift */,
				061AA80928BD07410061D6D9 /* 20220829.swift */,
				061AA80D28BFA3880061D6D9 /* 20220830.swift */,
				061AA80B28BFA3690061D6D9 /* 20220831.swift */,
			);
			path = 202208;
			sourceTree = "<group>";
		};
		065A4112286E833F004E85F9 /* 202206 */ = {
			isa = PBXGroup;
			children = (
				06A32AA928479B010044ED0C /* 20220601.swift */,
				06A32AAB28482E9C0044ED0C /* 20220602.swift */,
				06A32AAD28497CAE0044ED0C /* 20220603.swift */,
				0685CF5D284C6523002F770D /* 20220605.swift */,
				0685CF5F284DD543002F770D /* 20220606.swift */,
				0685CF61284EE20F002F770D /* 20220607.swift */,
				0685CF632850178C002F770D /* 20220608.swift */,
				0685CF65285182AA002F770D /* 20220609.swift */,
				0685CF672852C2F0002F770D /* 20220610.swift */,
				0685CF6928546B5F002F770D /* 20220611.swift */,
				0685CF6C28559BC6002F770D /* 20220612.swift */,
				064A7AD82856B7870044EDEE /* 20220613.swift */,
				064A7ADA285959650044EDEE /* 20220614.swift */,
				064A7ADC285959710044EDEE /* 20220615.swift */,
				064A7ADE285AB9B90044EDEE /* 20220616.swift */,
				06CEF22A285BF71800A620CC /* 20220617.swift */,
				06CEF22C285D9EE800A620CC /* 20220618.swift */,
				06CEF22E28600FC700A620CC /* 20220620.swift */,
				06CEF230286164D200A620CC /* 20220621.swift */,
				06CEF2322862A21600A620CC /* 20220622.swift */,
				06CEF2342863E11600A620CC /* 20220623.swift */,
				06CEF23628653B1900A620CC /* 20220624.swift */,
				06CEF2382866DCF400A620CC /* 20220625.swift */,
				063B34A7286921280038534B /* 20220627.swift */,
				063B34A9286A7B6B0038534B /* 20220628.swift */,
				063B34AB286BEBE80038534B /* 20220629.swift */,
				065A4110286D2E8C004E85F9 /* 20220630.swift */,
			);
			path = 202206;
			sourceTree = "<group>";
		};
		065D3F9B293B93F500098FD4 /* 202212 */ = {
			isa = PBXGroup;
			children = (
				065D3F9C293B940200098FD4 /* 20221201.swift */,
				065D3F9E293F755000098FD4 /* 20221206.swift */,
				065D3FA0294225F500098FD4 /* 20221207.swift */,
				065D3FA229437C9600098FD4 /* 20221208.swift */,
				065D3FA42944C5B700098FD4 /* 20221209.swift */,
				065D3FA62947640500098FD4 /* 20221212.swift */,
				065D3FA82948AD3800098FD4 /* 20221213.swift */,
				06791CF42959E665004F05CD /* 20221226.swift */,
				06791CFC295B30C6004F05CD /* 20221227.swift */,
				06791D00295C86C3004F05CD /* 20221228.swift */,
				06791D0E295DD633004F05CD /* 20221229.swift */,
				06791D10295F250B004F05CD /* 20221230.swift */,
			);
			path = 202212;
			sourceTree = "<group>";
		};
		06791D122963208F004F05CD /* 202301 */ = {
			isa = PBXGroup;
			children = (
				06791D132963209B004F05CD /* 20230102.swift */,
				06791D1529647170004F05CD /* 20230103.swift */,
				06791D17296718BE004F05CD /* 20230105.swift */,
				06791D19296DACFB004F05CD /* 20230110.swift */,
				06791D1B296EFE61004F05CD /* 20230111.swift */,
				06791D1D29703233004F05CD /* 20230112.swift */,
				06791D1F2971A4CC004F05CD /* 20230113.swift */,
				064E117B297593B900AB935F /* 20230116  .swift */,
				064E117D2976DB7C00AB935F /* 20230117.swift */,
				064E117F2978375000AB935F /* 20230118.swift */,
				064E118129798AC500AB935F /* 20230119.swift */,
				06BC6065297AD55D00AA67E6 /* 20230120.swift */,
				06BC6067297B826D00AA67E6 /* 20230121.swift */,
				06BC60782982C52A00AA67E6 /* 20230126.swift */,
				06BC607A29841D1500AA67E6 /* 20230127.swift */,
				06BC607C2986B3C700AA67E6 /* 20230129.swift */,
			);
			path = 202301;
			sourceTree = "<group>";
		};
		0685CF6E2856B741002F770D /* 202205 */ = {
			isa = PBXGroup;
			children = (
				06D0AC032820978200189EFC /* 20220502.swift */,
				06D0AC052820EA4500189EFC /* 20220503.swift */,
				06D0AC072821F6E900189EFC /* 20220504.swift */,
				5A063C95282495470045EC3F /* 20220506.swift */,
				06D0AC092826AB7E00189EFC /* 20220507.swift */,
				06D0AC0B2826C50C00189EFC /* 20220508.swift */,
				5AB697C928288F76003268C6 /* 20220509.swift */,
				5ABD62E22829E9E70021BF3E /* 20220510.swift */,
				5AB4099A282B2DBA00926816 /* 20220511.swift */,
				5AAD6EE9282C91320000AF05 /* 20220512.swift */,
				5A2CFC03282DCE3D0086EA17 /* 20220513.swift */,
				06D0AC11282FECC300189EFC /* 20220514.swift */,
				5AB988042831C4800052DBB8 /* 20220515.swift */,
				5AB86F9C28331FB90053E5D0 /* 20220516.swift */,
				5AB86F9A28331F890053E5D0 /* 20220517.swift */,
				5AB6D561283476BC001C9043 /* 20220518.swift */,
				066FC44F2836419B0046DA95 /* 20220519.swift */,
				5AB647DD28370C340086DB14 /* 20220520.swift */,
				5AB9AE14283AFC63001FE338 /* 20220523.swift */,
				5AB24272283C4D1200DDB88A /* 20220524.swift */,
				06A32A9B283DA85A0044ED0C /* 20220525.swift */,
				06A32A9D283EFE390044ED0C /* 20220526.swift */,
				06A32A9F2841A3F10044ED0C /* 20220527.swift */,
				06A32AA128426A140044ED0C /* 20220528.swift */,
				06A32AA3284271AC0044ED0C /* 20220529.swift */,
				06A32AA528443BC20044ED0C /* 20220530.swift */,
				06A32AA7284589110044ED0C /* 20220531.swift */,
			);
			path = 202205;
			sourceTree = "<group>";
		};
		0687363028C24291007A0780 /* 202209 */ = {
			isa = PBXGroup;
			children = (
				061AA81028C0F3530061D6D9 /* 20220901.swift */,
				0687362E28C24284007A0780 /* 20220902.swift */,
				0687363128C3435E007A0780 /* 20220903.swift */,
				0687363328C637DE007A0780 /* 20220905.swift */,
				0687363528C787F0007A0780 /* 20220906.swift */,
				0687363728C8DE84007A0780 /* 20220907.swift */,
				0697714E28CA2F8000569280 /* 20220908.swift */,
				0697716628D0B09400569280 /* 20220913.swift */,
				0697716828D21F3C00569280 /* 20220914.swift */,
				0697716A28D5EE5400569280 /* 20220915.swift */,
				060CA14E28DC9E0600A24E2F /* 20220922.swift */,
				060CA15028DDF7F100A24E2F /* 20220923.swift */,
				060CA15228E0038F00A24E2F /* 20220925.swift */,
				06CB255F28E136E600A7FC76 /* 20220926.swift */,
				06CB256128E3309300A7FC76 /* 20220927.swift */,
				06CB256328E4897900A7FC76 /* 20220928.swift */,
				06CB256528E5D68100A7FC76 /* 20220929.swift */,
				06CB256728E7292300A7FC76 /* 20220930.swift */,
			);
			path = 202209;
			sourceTree = "<group>";
		};
		0688A1C829B0C3760057B2DB /* 202303 */ = {
			isa = PBXGroup;
			children = (
				0688A1C929B0C3820057B2DB /* 20230302.swift */,
				064752A229B786F60047E84A /* 20230307.swift */,
				064752A429BA1D270047E84A /* 20230309.swift */,
				068F2EC429C0AFD8009A2158 /* 20230314.swift */,
				068F2EC629C201FD009A2158 /* 20230315.swift */,
				068F2EC829C33501009A2158 /* 20230316.swift */,
				06E3EDCD29C4A2B000C4F5F2 /* 20230317.swift */,
			);
			path = 202303;
			sourceTree = "<group>";
		};
		06B956C12898135500479DD8 /* 202207 */ = {
			isa = PBXGroup;
			children = (
				065A4113286E8364004E85F9 /* 20220701.swift */,
				065A4115287029FE004E85F9 /* 20220702.swift */,
				065A4117287263E5004E85F9 /* 20220704.swift */,
				065A4119287411E4004E85F9 /* 20220705.swift */,
				065A411B28751968004E85F9 /* 20220706.swift */,
				065A411D2876BF77004E85F9 /* 20220707.swift */,
				065A411F2877A309004E85F9 /* 20220708.swift */,
				065A4123287A6F0E004E85F9 /* 20220709.swift */,
				065A4125287B98F6004E85F9 /* 20220711.swift */,
				065A4127287CF3B2004E85F9 /* 20220712.swift */,
				06E45F1C287E425100F7D05A /* 20220713.swift */,
				0607470E287F990F008FEB25 /* 20220714.swift */,
				060747102880EB28008FEB25 /* 20220715.swift */,
				060747122882F985008FEB25 /* 20220716.swift */,
				060747142883A9D8008FEB25 /* 20220718.swift */,
				060747162883C08A008FEB25 /* 20220719.swift */,
				0607471828863CE9008FEB25 /* 20220720.swift */,
				0607471A288AEE09008FEB25 /* 20220722.swift */,
				060F07D2288ED07900BE4457 /* 20220725.swift */,
				060F07D4289022B600BE4457 /* 20220726.swift */,
				060F07D628917F2300BE4457 /* 20220727.swift */,
				060F07D82892D44800BE4457 /* 20220728.swift */,
				060F07DA2894139100BE4457 /* 20220729.swift */,
				06B956BD28950DBC00479DD8 /* 20220730.swift */,
			);
			path = 202207;
			sourceTree = "<group>";
		};
		06BC607E299A80D100AA67E6 /* 202302 */ = {
			isa = PBXGroup;
			children = (
				06BC607F299A80E200AA67E6 /* 20230213.swift */,
				06BC6081299BD54E00AA67E6 /* 20230214.swift */,
				06BC6083299D1F1600AA67E6 /* 20230215.swift */,
				06BC6085299E794A00AA67E6 /* 20230216.swift */,
				06BC6087299FBDAF00AA67E6 /* 20230217.swift */,
				06BC608D29A35FEF00AA67E6 /* 20230220.swift */,
				06BC608F29A6606A00AA67E6 /* 20230222.swift */,
				06BC609129A7A31D00AA67E6 /* 20230223.swift */,
				06BC609329A907DE00AA67E6 /* 20230224.swift */,
				06BC609529ACE33800AA67E6 /* 20230227.swift */,
				06BC609729AE39C300AA67E6 /* 20230228.swift */,
			);
			path = 202302;
			sourceTree = "<group>";
		};
		06CB256928EAE94900A7FC76 /* 202210 */ = {
			isa = PBXGroup;
			children = (
				06CB256A28EAEF7E00A7FC76 /* 20221003.swift */,
				06CB256C28EC570800A7FC76 /* 20221004.swift */,
				0647BF8D28F062B600CD57F9 /* 20221007.swift */,
				0647BF9128F5AA0500CD57F9 /* 20221011.swift */,
				0647BF9328F700C700CD57F9 /* 20221012.swift */,
				0647BF9528F850BD00CD57F9 /* 20221013.swift */,
				06DCB31B28FCDDE6005BD161 /* 20221014.swift */,
				06DCB31F28FE3760005BD161 /* 20221018.swift */,
				06DCB3212902B8BC005BD161 /* 20221021.swift */,
				06F6E3BC290697CF00F68357 /* 20221024.swift */,
				06F6E3BE2908151000F68357 /* 20221025.swift */,
				06F6E3C02909793A00F68357 /* 20221026.swift */,
				06F6E3C2290AC89700F68357 /* 20221027.swift */,
				06F6E3C4290C0A1A00F68357 /* 20221028.swift */,
				06F6E3C629100D1A00F68357 /* 20221031.swift */,
			);
			path = 202210;
			sourceTree = "<group>";
		};
		06D0ABEF281F564600189EFC = {
			isa = PBXGroup;
			children = (
				0685CF6B28558885002F770D /* README.md */,
				06D0ABFA281F564600189EFC /* algorithm_study */,
				06D0ABF9281F564600189EFC /* Products */,
			);
			sourceTree = "<group>";
		};
		06D0ABF9281F564600189EFC /* Products */ = {
			isa = PBXGroup;
			children = (
				06D0ABF8281F564600189EFC /* algorithm_study */,
			);
			name = Products;
			sourceTree = "<group>";
		};
		06D0ABFA281F564600189EFC /* algorithm_study */ = {
			isa = PBXGroup;
			children = (
				06D0ABFB281F564600189EFC /* main.swift */,
				06D0AC022820975300189EFC /* Problem solving */,
			);
			path = algorithm_study;
			sourceTree = "<group>";
		};
		06D0AC022820975300189EFC /* Problem solving */ = {
			isa = PBXGroup;
			children = (
				0688A1C829B0C3760057B2DB /* 202303 */,
				06BC607E299A80D100AA67E6 /* 202302 */,
				06791D122963208F004F05CD /* 202301 */,
				065D3F9B293B93F500098FD4 /* 202212 */,
				06F6E3C829115A3B00F68357 /* 202211 */,
				06CB256928EAE94900A7FC76 /* 202210 */,
				0687363028C24291007A0780 /* 202209 */,
				0685CF6E2856B741002F770D /* 202205 */,
				065A4112286E833F004E85F9 /* 202206 */,
				06B956C12898135500479DD8 /* 202207 */,
				061AA80F28C0F33B0061D6D9 /* 202208 */,
			);
			path = "Problem solving";
			sourceTree = "<group>";
		};
		06F6E3C829115A3B00F68357 /* 202211 */ = {
			isa = PBXGroup;
			children = (
				06F6E3C929115A4500F68357 /* 20221101.swift */,
				06F6E3CB2912ACD700F68357 /* 20221102.swift */,
				06F6E3CD2913F29F00F68357 /* 20221103.swift */,
				065D3F7D29154E7400098FD4 /* 20221104.swift */,
				065D3F7F2919496F00098FD4 /* 20221107.swift */,
				065D3F81291A8DA200098FD4 /* 20221108.swift */,
				065D3F83291BF08F00098FD4 /* 20221109.swift */,
				065D3F85291D429300098FD4 /* 20221110.swift */,
				065D3F87291E927B00098FD4 /* 20221111.swift */,
				065D3F892923DDD100098FD4 /* 20221115.swift */,
				065D3F8B292524C700098FD4 /* 20221116.swift */,
				065D3F8D29267CFE00098FD4 /* 20221117.swift */,
				065D3F8F292D0CCF00098FD4 /* 20221118.swift */,
				065D3F912934F22400098FD4 /* 20221124.swift */,
				065D3F93293645C000098FD4 /* 20221125.swift */,
				065D3F952937A4A400098FD4 /* 20221128.swift */,
				065D3F972938F71800098FD4 /* 20221129.swift */,
				065D3F99293A429A00098FD4 /* 20221130.swift */,
			);
			path = 202211;
			sourceTree = "<group>";
		};
/* End PBXGroup section */

/* Begin PBXNativeTarget section */
		06D0ABF7281F564600189EFC /* algorithm_study */ = {
			isa = PBXNativeTarget;
			buildConfigurationList = 06D0ABFF281F564600189EFC /* Build configuration list for PBXNativeTarget "algorithm_study" */;
			buildPhases = (
				06D0ABF4281F564600189EFC /* Sources */,
				06D0ABF5281F564600189EFC /* Frameworks */,
				06D0ABF6281F564600189EFC /* CopyFiles */,
			);
			buildRules = (
			);
			dependencies = (
			);
			name = algorithm_study;
			productName = algorithm_study;
			productReference = 06D0ABF8281F564600189EFC /* algorithm_study */;
			productType = "com.apple.product-type.tool";
		};
/* End PBXNativeTarget section */

/* Begin PBXProject section */
		06D0ABF0281F564600189EFC /* Project object */ = {
			isa = PBXProject;
			attributes = {
				BuildIndependentTargetsInParallel = 1;
				LastSwiftUpdateCheck = 1330;
				LastUpgradeCheck = 1330;
				TargetAttributes = {
					06D0ABF7281F564600189EFC = {
						CreatedOnToolsVersion = 13.3.1;
					};
				};
			};
			buildConfigurationList = 06D0ABF3281F564600189EFC /* Build configuration list for PBXProject "algorithm_study" */;
			compatibilityVersion = "Xcode 13.0";
			developmentRegion = en;
			hasScannedForEncodings = 0;
			knownRegions = (
				en,
				Base,
			);
			mainGroup = 06D0ABEF281F564600189EFC;
			productRefGroup = 06D0ABF9281F564600189EFC /* Products */;
			projectDirPath = "";
			projectRoot = "";
			targets = (
				06D0ABF7281F564600189EFC /* algorithm_study */,
			);
		};
/* End PBXProject section */

/* Begin PBXSourcesBuildPhase section */
		06D0ABF4281F564600189EFC /* Sources */ = {
			isa = PBXSourcesBuildPhase;
			buildActionMask = 2147483647;
			files = (
				060747112880EB28008FEB25 /* 20220715.swift in Sources */,
				06DCB3222902B8BC005BD161 /* 20221021.swift in Sources */,
				0687363228C3435E007A0780 /* 20220903.swift in Sources */,
				065D3F88291E927B00098FD4 /* 20221111.swift in Sources */,
				06BC6068297B826D00AA67E6 /* 20230121.swift in Sources */,
				06791D1629647170004F05CD /* 20230103.swift in Sources */,
				060CA14F28DC9E0600A24E2F /* 20220922.swift in Sources */,
				065D3FA329437C9600098FD4 /* 20221208.swift in Sources */,
				5AB24273283C4D1200DDB88A /* 20220524.swift in Sources */,
				06CB256D28EC570800A7FC76 /* 20221004.swift in Sources */,
				06CEF22B285BF71800A620CC /* 20220617.swift in Sources */,
				065D3F90292D0CCF00098FD4 /* 20221118.swift in Sources */,
				064E118229798AC500AB935F /* 20230119.swift in Sources */,
				06CB256828E7292300A7FC76 /* 20220930.swift in Sources */,
				060747172883C08A008FEB25 /* 20220719.swift in Sources */,
				0647BF9228F5AA0500CD57F9 /* 20221011.swift in Sources */,
				5AAD6EEA282C91320000AF05 /* 20220512.swift in Sources */,
				065D3F8C292524C700098FD4 /* 20221116.swift in Sources */,
				060CA15328E0038F00A24E2F /* 20220925.swift in Sources */,
				0685CF60284DD543002F770D /* 20220606.swift in Sources */,
				061AA80628B901950061D6D9 /* 20220826.swift in Sources */,
				06F6E3C12909793A00F68357 /* 20221026.swift in Sources */,
				06791D11295F250B004F05CD /* 20221230.swift in Sources */,
				068D4D0028B50D6D00F44F6E /* 20220823.swift in Sources */,
				0607470F287F990F008FEB25 /* 20220714.swift in Sources */,
				5A063C96282495470045EC3F /* 20220506.swift in Sources */,
				06BC609629ACE33800AA67E6 /* 20230227.swift in Sources */,
				065D3F9A293A429A00098FD4 /* 20221130.swift in Sources */,
				5ABD62E32829E9E70021BF3E /* 20220510.swift in Sources */,
				061AA80C28BFA3690061D6D9 /* 20220831.swift in Sources */,
				06791D1C296EFE61004F05CD /* 20230111.swift in Sources */,
				06D0AC082821F6E900189EFC /* 20220504.swift in Sources */,
				06BC608E29A35FEF00AA67E6 /* 20230220.swift in Sources */,
				06DCB32028FE3760005BD161 /* 20221018.swift in Sources */,
				065D3FA52944C5B700098FD4 /* 20221209.swift in Sources */,
				06CEF23728653B1900A620CC /* 20220624.swift in Sources */,
				0687362F28C24284007A0780 /* 20220902.swift in Sources */,
				0607471B288AEE09008FEB25 /* 20220722.swift in Sources */,
				06791CFD295B30C6004F05CD /* 20221227.swift in Sources */,
				06F6E3BF2908151000F68357 /* 20221025.swift in Sources */,
				06A32A9C283DA85A0044ED0C /* 20220525.swift in Sources */,
				063B34A8286921280038534B /* 20220627.swift in Sources */,
				068F2EC929C33501009A2158 /* 20230316.swift in Sources */,
				06F6E3C3290AC89700F68357 /* 20221027.swift in Sources */,
				0687363828C8DE84007A0780 /* 20220907.swift in Sources */,
				06BC6088299FBDAF00AA67E6 /* 20230217.swift in Sources */,
				060F07D92892D44800BE4457 /* 20220728.swift in Sources */,
				064752A329B786F60047E84A /* 20230307.swift in Sources */,
				06BC6082299BD54E00AA67E6 /* 20230214.swift in Sources */,
				064E117E2976DB7C00AB935F /* 20230117.swift in Sources */,
				068D4D0228B667BD00F44F6E /* 20220824.swift in Sources */,
				0687363428C637DE007A0780 /* 20220905.swift in Sources */,
				068F2EC729C201FD009A2158 /* 20230315.swift in Sources */,
				06CEF2392866DCF400A620CC /* 20220625.swift in Sources */,
				06BC60792982C52A00AA67E6 /* 20230126.swift in Sources */,
				06B956CB289E437900479DD8 /* 20220806.swift in Sources */,
				5AB86F9B28331F890053E5D0 /* 20220517.swift in Sources */,
				06F6E3CA29115A4500F68357 /* 20221101.swift in Sources */,
				06CEF2332862A21600A620CC /* 20220622.swift in Sources */,
				065A4116287029FE004E85F9 /* 20220702.swift in Sources */,
				06A32AA4284271AC0044ED0C /* 20220529.swift in Sources */,
				065D3FA92948AD3800098FD4 /* 20221213.swift in Sources */,
				06D0AC12282FECC300189EFC /* 20220514.swift in Sources */,
				06CEF231286164D200A620CC /* 20220621.swift in Sources */,
				06791D142963209B004F05CD /* 20230102.swift in Sources */,
				06BC607D2986B3C700AA67E6 /* 20230129.swift in Sources */,
				065D3F84291BF08F00098FD4 /* 20221109.swift in Sources */,
				060F07D3288ED07900BE4457 /* 20220725.swift in Sources */,
				06A564DE28A3F4B900DBC2E0 /* 20220810.swift in Sources */,
				065A4111286D2E8C004E85F9 /* 20220630.swift in Sources */,
				06A32AA228426A140044ED0C /* 20220528.swift in Sources */,
				065D3F982938F71800098FD4 /* 20221129.swift in Sources */,
				060747132882F985008FEB25 /* 20220716.swift in Sources */,
				5A2CFC04282DCE3D0086EA17 /* 20220513.swift in Sources */,
				06D0AC042820978200189EFC /* 20220502.swift in Sources */,
				06A564E228A699BC00DBC2E0 /* 20220812.swift in Sources */,
				064752A529BA1D270047E84A /* 20230309.swift in Sources */,
				0697716928D21F3C00569280 /* 20220914.swift in Sources */,
				068F2EC529C0AFD8009A2158 /* 20230314.swift in Sources */,
				065A4118287263E5004E85F9 /* 20220704.swift in Sources */,
				06BC607B29841D1500AA67E6 /* 20230127.swift in Sources */,
				06BC6066297AD55D00AA67E6 /* 20230120.swift in Sources */,
				065D3F9F293F755000098FD4 /* 20221206.swift in Sources */,
				06791CF52959E665004F05CD /* 20221226.swift in Sources */,
				064A7ADB285959650044EDEE /* 20220614.swift in Sources */,
				5AB4099B282B2DBA00926816 /* 20220511.swift in Sources */,
				06A564E028A546A700DBC2E0 /* 20220811.swift in Sources */,
				065D3F82291A8DA200098FD4 /* 20221108.swift in Sources */,
				06E3EDCE29C4A2B000C4F5F2 /* 20230317.swift in Sources */,
				06C8579E28AD2370003E7A22 /* 20220817.swift in Sources */,
				0697716728D0B09400569280 /* 20220913.swift in Sources */,
				063B34AA286A7B6B0038534B /* 20220628.swift in Sources */,
				0685CF62284EE20F002F770D /* 20220607.swift in Sources */,
				065A411A287411E4004E85F9 /* 20220705.swift in Sources */,
				5AB988052831C4800052DBB8 /* 20220515.swift in Sources */,
				06F6E3C729100D1A00F68357 /* 20221031.swift in Sources */,
				064E11802978375000AB935F /* 20230118.swift in Sources */,
				0687363628C787F0007A0780 /* 20220906.swift in Sources */,
				06CB256228E3309300A7FC76 /* 20220927.swift in Sources */,
				06F6E3CE2913F29F00F68357 /* 20221103.swift in Sources */,
				06791D1E29703233004F05CD /* 20230112.swift in Sources */,
				0607471928863CE9008FEB25 /* 20220720.swift in Sources */,
				065A4124287A6F0F004E85F9 /* 20220709.swift in Sources */,
				065D3FA1294225F500098FD4 /* 20221207.swift in Sources */,
				0688A1CA29B0C3820057B2DB /* 20230302.swift in Sources */,
				0647BF9428F700C700CD57F9 /* 20221012.swift in Sources */,
				065A41202877A309004E85F9 /* 20220708.swift in Sources */,
				064A7ADF285AB9B90044EDEE /* 20220616.swift in Sources */,
				06A32AA628443BC20044ED0C /* 20220530.swift in Sources */,
				065A411E2876BF77004E85F9 /* 20220707.swift in Sources */,
				066FC4502836419B0046DA95 /* 20220519.swift in Sources */,
				06C8579C28ABC998003E7A22 /* 20220816.swift in Sources */,
				064A7ADD285959710044EDEE /* 20220615.swift in Sources */,
				06A32AAA28479B010044ED0C /* 20220601.swift in Sources */,
				06E45F1D287E425100F7D05A /* 20220713.swift in Sources */,
				06A32AA8284589110044ED0C /* 20220531.swift in Sources */,
				060747152883A9D8008FEB25 /* 20220718.swift in Sources */,
				060CA15128DDF7F100A24E2F /* 20220923.swift in Sources */,
				065D3F8A2923DDD100098FD4 /* 20221115.swift in Sources */,
				06BC609829AE39C300AA67E6 /* 20230228.swift in Sources */,
				061AA80E28BFA3880061D6D9 /* 20220830.swift in Sources */,
				06CB256028E136E600A7FC76 /* 20220926.swift in Sources */,
				06D0ABFC281F564600189EFC /* main.swift in Sources */,
				5AB86F9D28331FB90053E5D0 /* 20220516.swift in Sources */,
				06CB256628E5D68100A7FC76 /* 20220929.swift in Sources */,
				0647BF8E28F062B600CD57F9 /* 20221007.swift in Sources */,
				0685CF6D28559BC6002F770D /* 20220612.swift in Sources */,
				06A564DA28A14BB500DBC2E0 /* 20220808.swift in Sources */,
				06F6E3BD290697CF00F68357 /* 20221024.swift in Sources */,
				06BC609429A907DE00AA67E6 /* 20230224.swift in Sources */,
				5AB9AE15283AFC63001FE338 /* 20220523.swift in Sources */,
				06791D01295C86C3004F05CD /* 20221228.swift in Sources */,
				06CEF22D285D9EE800A620CC /* 20220618.swift in Sources */,
				06791D0F295DD633004F05CD /* 20221229.swift in Sources */,
				06791D202971A4CC004F05CD /* 20230113.swift in Sources */,
				06B956C9289D5DD200479DD8 /* 20220805.swift in Sources */,
				06B956C7289BF00F00479DD8 /* 20220804.swift in Sources */,
				06B956BE28950DBC00479DD8 /* 20220730.swift in Sources */,
				06CEF22F28600FC700A620CC /* 20220620.swift in Sources */,
				065D3FA72947640500098FD4 /* 20221212.swift in Sources */,
				06791D18296718BE004F05CD /* 20230105.swift in Sources */,
				0685CF6A28546B5F002F770D /* 20220611.swift in Sources */,
				065D3F86291D429300098FD4 /* 20221110.swift in Sources */,
				06C857A228AFD3F4003E7A22 /* 20220819.swift in Sources */,
				06CB256428E4897900A7FC76 /* 20220928.swift in Sources */,
				065D3F9D293B940200098FD4 /* 20221201.swift in Sources */,
				0697714F28CA2F8000569280 /* 20220908.swift in Sources */,
				5AB6D562283476BC001C9043 /* 20220518.swift in Sources */,
				06B956C02898134B00479DD8 /* 20220801.swift in Sources */,
				0685CF642850178C002F770D /* 20220608.swift in Sources */,
				060F07D728917F2300BE4457 /* 20220727.swift in Sources */,
				06D0AC062820EA4500189EFC /* 20220503.swift in Sources */,
				06BC609229A7A31D00AA67E6 /* 20230223.swift in Sources */,
				06BC6086299E794B00AA67E6 /* 20230216.swift in Sources */,
				0685CF66285182AA002F770D /* 20220609.swift in Sources */,
				0685CF682852C2F1002F770D /* 20220610.swift in Sources */,
				5AB697CA28288F76003268C6 /* 20220509.swift in Sources */,
				063B34AC286BEBE80038534B /* 20220629.swift in Sources */,
				064E117C297593B900AB935F /* 20230116  .swift in Sources */,
				06B956C32899504200479DD8 /* 20220802.swift in Sources */,
				06A32A9E283EFE390044ED0C /* 20220526.swift in Sources */,
				06791D1A296DACFB004F05CD /* 20230110.swift in Sources */,
				06BC6084299D1F1600AA67E6 /* 20230215.swift in Sources */,
				065D3F802919496F00098FD4 /* 20221107.swift in Sources */,
				06DCB31C28FCDDE6005BD161 /* 20221014.swift in Sources */,
				5AB647DE28370C340086DB14 /* 20220520.swift in Sources */,
				065A4114286E8364004E85F9 /* 20220701.swift in Sources */,
				060F07DB2894139100BE4457 /* 20220729.swift in Sources */,
				0697716B28D5EE5400569280 /* 20220915.swift in Sources */,
				061AA80828BA3A540061D6D9 /* 20220827.swift in Sources */,
				064A7AD92856B7870044EDEE /* 20220613.swift in Sources */,
				065A411C28751968004E85F9 /* 20220706.swift in Sources */,
				060F07D5289022B600BE4457 /* 20220726.swift in Sources */,
				065D3F962937A4A400098FD4 /* 20221128.swift in Sources */,
				065A4128287CF3B2004E85F9 /* 20220712.swift in Sources */,
				065D3F94293645C000098FD4 /* 20221125.swift in Sources */,
				065A4126287B98F6004E85F9 /* 20220711.swift in Sources */,
				0685CF5E284C6523002F770D /* 20220605.swift in Sources */,
				06BC609029A6606A00AA67E6 /* 20230222.swift in Sources */,
				06F6E3CC2912ACD700F68357 /* 20221102.swift in Sources */,
				061AA80A28BD07410061D6D9 /* 20220829.swift in Sources */,
				06A564DC28A295AF00DBC2E0 /* 20220809.swift in Sources */,
				06A32AA02841A3F10044ED0C /* 20220527.swift in Sources */,
				06F6E3C5290C0A1A00F68357 /* 20221028.swift in Sources */,
				06CEF2352863E11600A620CC /* 20220623.swift in Sources */,
				0647BF9628F850BD00CD57F9 /* 20221013.swift in Sources */,
				06D0AC0A2826AB7E00189EFC /* 20220507.swift in Sources */,
				06C857A428B12ABD003E7A22 /* 20220820.swift in Sources */,
				06A564E428A8BAD900DBC2E0 /* 20220815.swift in Sources */,
				065D3F7E29154E7400098FD4 /* 20221104.swift in Sources */,
				068D4CFE28B3B6C400F44F6E /* 20220822.swift in Sources */,
				06A32AAE28497CAE0044ED0C /* 20220603.swift in Sources */,
				06CB256B28EAEF7E00A7FC76 /* 20221003.swift in Sources */,
				06C857A028AE7B8D003E7A22 /* 20220818.swift in Sources */,
				06D0AC0C2826C50C00189EFC /* 20220508.swift in Sources */,
				06B956C5289ABEE300479DD8 /* 20220803.swift in Sources */,
				061AA80428B7B5450061D6D9 /* 20220825.swift in Sources */,
				06A32AAC28482E9D0044ED0C /* 20220602.swift in Sources */,
				065D3F922934F22400098FD4 /* 20221124.swift in Sources */,
				06BC6080299A80E200AA67E6 /* 20230213.swift in Sources */,
				065D3F8E29267CFE00098FD4 /* 20221117.swift in Sources */,
			);
			runOnlyForDeploymentPostprocessing = 0;
		};
/* End PBXSourcesBuildPhase section */

/* Begin XCBuildConfiguration section */
		06D0ABFD281F564600189EFC /* Debug */ = {
			isa = XCBuildConfiguration;
			buildSettings = {
				ALWAYS_SEARCH_USER_PATHS = NO;
				CLANG_ANALYZER_NONNULL = YES;
				CLANG_ANALYZER_NUMBER_OBJECT_CONVERSION = YES_AGGRESSIVE;
				CLANG_CXX_LANGUAGE_STANDARD = "gnu++17";
				CLANG_ENABLE_MODULES = YES;
				CLANG_ENABLE_OBJC_ARC = YES;
				CLANG_ENABLE_OBJC_WEAK = YES;
				CLANG_WARN_BLOCK_CAPTURE_AUTORELEASING = YES;
				CLANG_WARN_BOOL_CONVERSION = YES;
				CLANG_WARN_COMMA = YES;
				CLANG_WARN_CONSTANT_CONVERSION = YES;
				CLANG_WARN_DEPRECATED_OBJC_IMPLEMENTATIONS = YES;
				CLANG_WARN_DIRECT_OBJC_ISA_USAGE = YES_ERROR;
				CLANG_WARN_DOCUMENTATION_COMMENTS = YES;
				CLANG_WARN_EMPTY_BODY = YES;
				CLANG_WARN_ENUM_CONVERSION = YES;
				CLANG_WARN_INFINITE_RECURSION = YES;
				CLANG_WARN_INT_CONVERSION = YES;
				CLANG_WARN_NON_LITERAL_NULL_CONVERSION = YES;
				CLANG_WARN_OBJC_IMPLICIT_RETAIN_SELF = YES;
				CLANG_WARN_OBJC_LITERAL_CONVERSION = YES;
				CLANG_WARN_OBJC_ROOT_CLASS = YES_ERROR;
				CLANG_WARN_QUOTED_INCLUDE_IN_FRAMEWORK_HEADER = YES;
				CLANG_WARN_RANGE_LOOP_ANALYSIS = YES;
				CLANG_WARN_STRICT_PROTOTYPES = YES;
				CLANG_WARN_SUSPICIOUS_MOVE = YES;
				CLANG_WARN_UNGUARDED_AVAILABILITY = YES_AGGRESSIVE;
				CLANG_WARN_UNREACHABLE_CODE = YES;
				CLANG_WARN__DUPLICATE_METHOD_MATCH = YES;
				COPY_PHASE_STRIP = NO;
				DEBUG_INFORMATION_FORMAT = dwarf;
				ENABLE_STRICT_OBJC_MSGSEND = YES;
				ENABLE_TESTABILITY = YES;
				GCC_C_LANGUAGE_STANDARD = gnu11;
				GCC_DYNAMIC_NO_PIC = NO;
				GCC_NO_COMMON_BLOCKS = YES;
				GCC_OPTIMIZATION_LEVEL = 0;
				GCC_PREPROCESSOR_DEFINITIONS = (
					"DEBUG=1",
					"$(inherited)",
				);
				GCC_WARN_64_TO_32_BIT_CONVERSION = YES;
				GCC_WARN_ABOUT_RETURN_TYPE = YES_ERROR;
				GCC_WARN_UNDECLARED_SELECTOR = YES;
				GCC_WARN_UNINITIALIZED_AUTOS = YES_AGGRESSIVE;
				GCC_WARN_UNUSED_FUNCTION = YES;
				GCC_WARN_UNUSED_VARIABLE = YES;
				MACOSX_DEPLOYMENT_TARGET = 12.3;
				MTL_ENABLE_DEBUG_INFO = INCLUDE_SOURCE;
				MTL_FAST_MATH = YES;
				ONLY_ACTIVE_ARCH = YES;
				SDKROOT = macosx;
				SWIFT_ACTIVE_COMPILATION_CONDITIONS = DEBUG;
				SWIFT_OPTIMIZATION_LEVEL = "-Onone";
			};
			name = Debug;
		};
		06D0ABFE281F564600189EFC /* Release */ = {
			isa = XCBuildConfiguration;
			buildSettings = {
				ALWAYS_SEARCH_USER_PATHS = NO;
				CLANG_ANALYZER_NONNULL = YES;
				CLANG_ANALYZER_NUMBER_OBJECT_CONVERSION = YES_AGGRESSIVE;
				CLANG_CXX_LANGUAGE_STANDARD = "gnu++17";
				CLANG_ENABLE_MODULES = YES;
				CLANG_ENABLE_OBJC_ARC = YES;
				CLANG_ENABLE_OBJC_WEAK = YES;
				CLANG_WARN_BLOCK_CAPTURE_AUTORELEASING = YES;
				CLANG_WARN_BOOL_CONVERSION = YES;
				CLANG_WARN_COMMA = YES;
				CLANG_WARN_CONSTANT_CONVERSION = YES;
				CLANG_WARN_DEPRECATED_OBJC_IMPLEMENTATIONS = YES;
				CLANG_WARN_DIRECT_OBJC_ISA_USAGE = YES_ERROR;
				CLANG_WARN_DOCUMENTATION_COMMENTS = YES;
				CLANG_WARN_EMPTY_BODY = YES;
				CLANG_WARN_ENUM_CONVERSION = YES;
				CLANG_WARN_INFINITE_RECURSION = YES;
				CLANG_WARN_INT_CONVERSION = YES;
				CLANG_WARN_NON_LITERAL_NULL_CONVERSION = YES;
				CLANG_WARN_OBJC_IMPLICIT_RETAIN_SELF = YES;
				CLANG_WARN_OBJC_LITERAL_CONVERSION = YES;
				CLANG_WARN_OBJC_ROOT_CLASS = YES_ERROR;
				CLANG_WARN_QUOTED_INCLUDE_IN_FRAMEWORK_HEADER = YES;
				CLANG_WARN_RANGE_LOOP_ANALYSIS = YES;
				CLANG_WARN_STRICT_PROTOTYPES = YES;
				CLANG_WARN_SUSPICIOUS_MOVE = YES;
				CLANG_WARN_UNGUARDED_AVAILABILITY = YES_AGGRESSIVE;
				CLANG_WARN_UNREACHABLE_CODE = YES;
				CLANG_WARN__DUPLICATE_METHOD_MATCH = YES;
				COPY_PHASE_STRIP = NO;
				DEBUG_INFORMATION_FORMAT = "dwarf-with-dsym";
				ENABLE_NS_ASSERTIONS = NO;
				ENABLE_STRICT_OBJC_MSGSEND = YES;
				GCC_C_LANGUAGE_STANDARD = gnu11;
				GCC_NO_COMMON_BLOCKS = YES;
				GCC_WARN_64_TO_32_BIT_CONVERSION = YES;
				GCC_WARN_ABOUT_RETURN_TYPE = YES_ERROR;
				GCC_WARN_UNDECLARED_SELECTOR = YES;
				GCC_WARN_UNINITIALIZED_AUTOS = YES_AGGRESSIVE;
				GCC_WARN_UNUSED_FUNCTION = YES;
				GCC_WARN_UNUSED_VARIABLE = YES;
				MACOSX_DEPLOYMENT_TARGET = 12.3;
				MTL_ENABLE_DEBUG_INFO = NO;
				MTL_FAST_MATH = YES;
				SDKROOT = macosx;
				SWIFT_COMPILATION_MODE = wholemodule;
				SWIFT_OPTIMIZATION_LEVEL = "-O";
			};
			name = Release;
		};
		06D0AC00281F564600189EFC /* Debug */ = {
			isa = XCBuildConfiguration;
			buildSettings = {
				CODE_SIGN_STYLE = Automatic;
				DEVELOPMENT_TEAM = ZX72355299;
				ENABLE_HARDENED_RUNTIME = YES;
				PRODUCT_NAME = "$(TARGET_NAME)";
				SWIFT_VERSION = 5.0;
			};
			name = Debug;
		};
		06D0AC01281F564600189EFC /* Release */ = {
			isa = XCBuildConfiguration;
			buildSettings = {
				CODE_SIGN_STYLE = Automatic;
				DEVELOPMENT_TEAM = ZX72355299;
				ENABLE_HARDENED_RUNTIME = YES;
				PRODUCT_NAME = "$(TARGET_NAME)";
				SWIFT_VERSION = 5.0;
			};
			name = Release;
		};
/* End XCBuildConfiguration section */

/* Begin XCConfigurationList section */
		06D0ABF3281F564600189EFC /* Build configuration list for PBXProject "algorithm_study" */ = {
			isa = XCConfigurationList;
			buildConfigurations = (
				06D0ABFD281F564600189EFC /* Debug */,
				06D0ABFE281F564600189EFC /* Release */,
			);
			defaultConfigurationIsVisible = 0;
			defaultConfigurationName = Release;
		};
		06D0ABFF281F564600189EFC /* Build configuration list for PBXNativeTarget "algorithm_study" */ = {
			isa = XCConfigurationList;
			buildConfigurations = (
				06D0AC00281F564600189EFC /* Debug */,
				06D0AC01281F564600189EFC /* Release */,
			);
			defaultConfigurationIsVisible = 0;
			defaultConfigurationName = Release;
		};
/* End XCConfigurationList section */
	};
	rootObject = 06D0ABF0281F564600189EFC /* Project object */;
}
